// !$*UTF8*$!
{
	archiveVersion = 1;
	classes = {
	};
	objectVersion = 46;
	objects = {

/* Begin PBXBuildFile section */
		0D2E930A19C42C00005C4E67 /* important.png in Resources */ = {isa = PBXBuildFile; fileRef = 0D2E930819C42C00005C4E67 /* important.png */; };
		0D2E930B19C42C00005C4E67 /* unimportant.png in Resources */ = {isa = PBXBuildFile; fileRef = 0D2E930919C42C00005C4E67 /* unimportant.png */; };
		0D3C958E19C31C9C0065A4B4 /* bg.jpg in Resources */ = {isa = PBXBuildFile; fileRef = 0D3C958D19C31C9C0065A4B4 /* bg.jpg */; };
		0D3C959419C31EFB0065A4B4 /* NSString+FontAwesome.m in Sources */ = {isa = PBXBuildFile; fileRef = 0D3C959119C31EFB0065A4B4 /* NSString+FontAwesome.m */; };
		0D3C959519C31EFB0065A4B4 /* UIButton+Bootstrap.m in Sources */ = {isa = PBXBuildFile; fileRef = 0D3C959319C31EFB0065A4B4 /* UIButton+Bootstrap.m */; };
		0D3C959719C329C80065A4B4 /* edit.png in Resources */ = {isa = PBXBuildFile; fileRef = 0D3C959619C329C80065A4B4 /* edit.png */; };
		0DAFD00019BEC75500A1E509 /* Foundation.framework in Frameworks */ = {isa = PBXBuildFile; fileRef = 0DAFCFFF19BEC75500A1E509 /* Foundation.framework */; };
		0DAFD00219BEC75500A1E509 /* CoreGraphics.framework in Frameworks */ = {isa = PBXBuildFile; fileRef = 0DAFD00119BEC75500A1E509 /* CoreGraphics.framework */; };
		0DAFD00419BEC75500A1E509 /* UIKit.framework in Frameworks */ = {isa = PBXBuildFile; fileRef = 0DAFD00319BEC75500A1E509 /* UIKit.framework */; };
		0DAFD00A19BEC75500A1E509 /* InfoPlist.strings in Resources */ = {isa = PBXBuildFile; fileRef = 0DAFD00819BEC75500A1E509 /* InfoPlist.strings */; };
		0DAFD00C19BEC75500A1E509 /* main.m in Sources */ = {isa = PBXBuildFile; fileRef = 0DAFD00B19BEC75500A1E509 /* main.m */; };
		0DAFD01019BEC75500A1E509 /* lmsmoocAppDelegate.m in Sources */ = {isa = PBXBuildFile; fileRef = 0DAFD00F19BEC75500A1E509 /* lmsmoocAppDelegate.m */; };
		0DAFD01919BEC75500A1E509 /* lmsmoocViewController.m in Sources */ = {isa = PBXBuildFile; fileRef = 0DAFD01819BEC75500A1E509 /* lmsmoocViewController.m */; settings = {COMPILER_FLAGS = "-fobjc-arc"; }; };
		0DAFD01B19BEC75500A1E509 /* Images.xcassets in Resources */ = {isa = PBXBuildFile; fileRef = 0DAFD01A19BEC75500A1E509 /* Images.xcassets */; };
		0DAFD02219BEC75500A1E509 /* XCTest.framework in Frameworks */ = {isa = PBXBuildFile; fileRef = 0DAFD02119BEC75500A1E509 /* XCTest.framework */; };
		0DAFD02319BEC75500A1E509 /* Foundation.framework in Frameworks */ = {isa = PBXBuildFile; fileRef = 0DAFCFFF19BEC75500A1E509 /* Foundation.framework */; };
		0DAFD02419BEC75500A1E509 /* UIKit.framework in Frameworks */ = {isa = PBXBuildFile; fileRef = 0DAFD00319BEC75500A1E509 /* UIKit.framework */; };
		0DAFD02C19BEC75500A1E509 /* InfoPlist.strings in Resources */ = {isa = PBXBuildFile; fileRef = 0DAFD02A19BEC75500A1E509 /* InfoPlist.strings */; };
		0DAFD02E19BEC75500A1E509 /* LMSMOOCTests.m in Sources */ = {isa = PBXBuildFile; fileRef = 0DAFD02D19BEC75500A1E509 /* LMSMOOCTests.m */; };
		0DFCDC3119CAB1BB002D317D /* search.png in Resources */ = {isa = PBXBuildFile; fileRef = 0DFCDC3019CAB1BB002D317D /* search.png */; };
		0DFCDC3719CAB990002D317D /* 1star.png in Resources */ = {isa = PBXBuildFile; fileRef = 0DFCDC3219CAB990002D317D /* 1star.png */; };
		0DFCDC3819CAB990002D317D /* 2star.png in Resources */ = {isa = PBXBuildFile; fileRef = 0DFCDC3319CAB990002D317D /* 2star.png */; };
		0DFCDC3919CAB990002D317D /* 3star.png in Resources */ = {isa = PBXBuildFile; fileRef = 0DFCDC3419CAB990002D317D /* 3star.png */; };
		0DFCDC3A19CAB990002D317D /* 4star.png in Resources */ = {isa = PBXBuildFile; fileRef = 0DFCDC3519CAB990002D317D /* 4star.png */; };
		0DFCDC3B19CAB990002D317D /* 5star.png in Resources */ = {isa = PBXBuildFile; fileRef = 0DFCDC3619CAB990002D317D /* 5star.png */; };
		0DFCDC3D19CABE0F002D317D /* 0star.png in Resources */ = {isa = PBXBuildFile; fileRef = 0DFCDC3C19CABE0F002D317D /* 0star.png */; };
		84082A5519C802960039F4E8 /* CategorywiseDatasViewController.m in Sources */ = {isa = PBXBuildFile; fileRef = 84082A5419C802960039F4E8 /* CategorywiseDatasViewController.m */; };
		84082A5819C80F1E0039F4E8 /* CourseSearchViewController.m in Sources */ = {isa = PBXBuildFile; fileRef = 84082A5719C80F1E0039F4E8 /* CourseSearchViewController.m */; };
		84082A6219C834490039F4E8 /* btn_close_normal.png in Resources */ = {isa = PBXBuildFile; fileRef = 84082A5C19C834490039F4E8 /* btn_close_normal.png */; };
		84082A6319C834490039F4E8 /* btn_close_normal@2x.png in Resources */ = {isa = PBXBuildFile; fileRef = 84082A5D19C834490039F4E8 /* btn_close_normal@2x.png */; };
		84082A6419C834490039F4E8 /* btn_close_selected.png in Resources */ = {isa = PBXBuildFile; fileRef = 84082A5E19C834490039F4E8 /* btn_close_selected.png */; };
		84082A6519C834490039F4E8 /* btn_close_selected@2x.png in Resources */ = {isa = PBXBuildFile; fileRef = 84082A5F19C834490039F4E8 /* btn_close_selected@2x.png */; };
		84082A6619C834490039F4E8 /* DXAlertView.m in Sources */ = {isa = PBXBuildFile; fileRef = 84082A6119C834490039F4E8 /* DXAlertView.m */; };
		840B832319BEE58F0065B678 /* PageContentViewController.m in Sources */ = {isa = PBXBuildFile; fileRef = 840B832219BEE58F0065B678 /* PageContentViewController.m */; };
		840B832F19BF074F0065B678 /* LoginPageViewController.m in Sources */ = {isa = PBXBuildFile; fileRef = 840B832E19BF074F0065B678 /* LoginPageViewController.m */; };
		840B833419BF0BC80065B678 /* SignupViewController.m in Sources */ = {isa = PBXBuildFile; fileRef = 840B833319BF0BC80065B678 /* SignupViewController.m */; settings = {COMPILER_FLAGS = "-fno-objc-arc"; }; };
		840B833919BF23340065B678 /* navlogo.png in Resources */ = {isa = PBXBuildFile; fileRef = 840B833819BF23340065B678 /* navlogo.png */; };
		844A9CB419C19A4D000A5449 /* Avatarimagecell.m in Sources */ = {isa = PBXBuildFile; fileRef = 844A9CB319C19A4D000A5449 /* Avatarimagecell.m */; };
		844A9CB619C1A2BB000A5449 /* placeholder.png in Resources */ = {isa = PBXBuildFile; fileRef = 844A9CB519C1A2BB000A5449 /* placeholder.png */; };
		844A9CB819C1A765000A5449 /* photo-frame.png in Resources */ = {isa = PBXBuildFile; fileRef = 844A9CB719C1A765000A5449 /* photo-frame.png */; };
		845B10A119BF2D5B00AAE3E4 /* checkBox.png in Resources */ = {isa = PBXBuildFile; fileRef = 845B109D19BF2D5B00AAE3E4 /* checkBox.png */; };
		845B10A219BF2D5B00AAE3E4 /* checkBox@2x.png in Resources */ = {isa = PBXBuildFile; fileRef = 845B109E19BF2D5B00AAE3E4 /* checkBox@2x.png */; };
		845B10A319BF2D5B00AAE3E4 /* checkBoxMarked.png in Resources */ = {isa = PBXBuildFile; fileRef = 845B109F19BF2D5B00AAE3E4 /* checkBoxMarked.png */; };
		845B10A419BF2D5B00AAE3E4 /* checkBoxMarked@2x.png in Resources */ = {isa = PBXBuildFile; fileRef = 845B10A019BF2D5B00AAE3E4 /* checkBoxMarked@2x.png */; };
		847635D719C03FCC00F45CEF /* ban1.png in Resources */ = {isa = PBXBuildFile; fileRef = 847635CF19C03FCC00F45CEF /* ban1.png */; };
		847635D819C03FCC00F45CEF /* ban2.png in Resources */ = {isa = PBXBuildFile; fileRef = 847635D019C03FCC00F45CEF /* ban2.png */; };
		847635D919C03FCC00F45CEF /* ban3.png in Resources */ = {isa = PBXBuildFile; fileRef = 847635D119C03FCC00F45CEF /* ban3.png */; };
		847635DA19C03FCC00F45CEF /* ban4.png in Resources */ = {isa = PBXBuildFile; fileRef = 847635D219C03FCC00F45CEF /* ban4.png */; };
		847635DB19C03FCC00F45CEF /* bantab1.png in Resources */ = {isa = PBXBuildFile; fileRef = 847635D319C03FCC00F45CEF /* bantab1.png */; };
		847635DC19C03FCC00F45CEF /* bantab2.png in Resources */ = {isa = PBXBuildFile; fileRef = 847635D419C03FCC00F45CEF /* bantab2.png */; };
		847635DD19C03FCC00F45CEF /* bantab3.png in Resources */ = {isa = PBXBuildFile; fileRef = 847635D519C03FCC00F45CEF /* bantab3.png */; };
		847635DE19C03FCC00F45CEF /* bantab4.png in Resources */ = {isa = PBXBuildFile; fileRef = 847635D619C03FCC00F45CEF /* bantab4.png */; };
		847635E519C0733C00F45CEF /* Mycourses_iPadViewController.m in Sources */ = {isa = PBXBuildFile; fileRef = 847635E419C0733C00F45CEF /* Mycourses_iPadViewController.m */; };
		847635E819C0735900F45CEF /* Myfavorites_iPadViewController.m in Sources */ = {isa = PBXBuildFile; fileRef = 847635E719C0735900F45CEF /* Myfavorites_iPadViewController.m */; };
		847635EB19C077BF00F45CEF /* CollectionCellContent.m in Sources */ = {isa = PBXBuildFile; fileRef = 847635EA19C077BF00F45CEF /* CollectionCellContent.m */; };
		847635ED19C07CFC00F45CEF /* menu_icon.png in Resources */ = {isa = PBXBuildFile; fileRef = 847635EC19C07CFC00F45CEF /* menu_icon.png */; };
		847635F019C095A700F45CEF /* Passwordchange.m in Sources */ = {isa = PBXBuildFile; fileRef = 847635EF19C095A700F45CEF /* Passwordchange.m */; };
		8476E7F419C17EE8002DB513 /* AvatarImagesViewController.m in Sources */ = {isa = PBXBuildFile; fileRef = 8476E7F319C17EE8002DB513 /* AvatarImagesViewController.m */; };
		84CBD4FF19C730C500CB50D1 /* CourseDesignTableViewCell.m in Sources */ = {isa = PBXBuildFile; fileRef = 84CBD4FC19C730C500CB50D1 /* CourseDesignTableViewCell.m */; };
		84CBD50019C730C500CB50D1 /* courselist_iPhoneTableViewController.m in Sources */ = {isa = PBXBuildFile; fileRef = 84CBD4FE19C730C500CB50D1 /* courselist_iPhoneTableViewController.m */; };
		84E52CBD19C9B2440042D07A /* CategorywiseDatasiPadViewController.m in Sources */ = {isa = PBXBuildFile; fileRef = 84E52CBC19C9B2440042D07A /* CategorywiseDatasiPadViewController.m */; };
		84E52CC019C9B7050042D07A /* CourseSearchiPadViewController.m in Sources */ = {isa = PBXBuildFile; fileRef = 84E52CBF19C9B7050042D07A /* CourseSearchiPadViewController.m */; };
		84E52CC319C9D0A90042D07A /* categorypopoverViewController.m in Sources */ = {isa = PBXBuildFile; fileRef = 84E52CC219C9D0A90042D07A /* categorypopoverViewController.m */; };
		84EC715819CAD77000529168 /* MycategoriesDetailViewController.m in Sources */ = {isa = PBXBuildFile; fileRef = 84EC715319CAD77000529168 /* MycategoriesDetailViewController.m */; };
		84EC715919CAD77000529168 /* MycoursesViewController.m in Sources */ = {isa = PBXBuildFile; fileRef = 84EC715519CAD77000529168 /* MycoursesViewController.m */; };
		84EC715A19CAD77000529168 /* MyfavoritesViewController.m in Sources */ = {isa = PBXBuildFile; fileRef = 84EC715719CAD77000529168 /* MyfavoritesViewController.m */; };
		84EC715D19CAF66500529168 /* MycategoriesViewController.m in Sources */ = {isa = PBXBuildFile; fileRef = 84EC715C19CAF66500529168 /* MycategoriesViewController.m */; };
		84EC716119CAFE5F00529168 /* AuthorTableViewCell.m in Sources */ = {isa = PBXBuildFile; fileRef = 84EC716019CAFE5F00529168 /* AuthorTableViewCell.m */; };
		84EC716419CB087E00529168 /* MyauthorcoursesViewController.m in Sources */ = {isa = PBXBuildFile; fileRef = 84EC716319CB087E00529168 /* MyauthorcoursesViewController.m */; };
		84EC716719CB16A200529168 /* BillingTableViewCell.m in Sources */ = {isa = PBXBuildFile; fileRef = 84EC716619CB16A200529168 /* BillingTableViewCell.m */; };
		84EC716A19CB1ACB00529168 /* BillingDetailViewController.m in Sources */ = {isa = PBXBuildFile; fileRef = 84EC716919CB1ACB00529168 /* BillingDetailViewController.m */; };
		84F59B6319C2AD5A009EF252 /* APRoundedButton.m in Sources */ = {isa = PBXBuildFile; fileRef = 84F59B6219C2AD5A009EF252 /* APRoundedButton.m */; };
		84F59B6619C2AD89009EF252 /* Main_iPad.storyboard in Resources */ = {isa = PBXBuildFile; fileRef = 84F59B6419C2AD89009EF252 /* Main_iPad.storyboard */; };
		84F59B6719C2AD89009EF252 /* Main_iPhone.storyboard in Resources */ = {isa = PBXBuildFile; fileRef = 84F59B6519C2AD89009EF252 /* Main_iPhone.storyboard */; };
		84F59B6A19C2AE28009EF252 /* ban5.png in Resources */ = {isa = PBXBuildFile; fileRef = 84F59B6819C2AE28009EF252 /* ban5.png */; };
		84F59B6B19C2AE28009EF252 /* bantab5.png in Resources */ = {isa = PBXBuildFile; fileRef = 84F59B6919C2AE28009EF252 /* bantab5.png */; };
		84F59B7119C2FC37009EF252 /* MAILinboxTableViewCell.m in Sources */ = {isa = PBXBuildFile; fileRef = 84F59B7019C2FC37009EF252 /* MAILinboxTableViewCell.m */; };
		84F59B7A19C2FFA9009EF252 /* MailDetailsViewController.m in Sources */ = {isa = PBXBuildFile; fileRef = 84F59B7919C2FFA9009EF252 /* MailDetailsViewController.m */; };
		84FC7D8E19C0064E0001FD7C /* databaseurl.m in Sources */ = {isa = PBXBuildFile; fileRef = 84FC7D7C19C0064E0001FD7C /* databaseurl.m */; settings = {COMPILER_FLAGS = "-fno-objc-arc"; }; };
		84FC7D8F19C0064E0001FD7C /* MBProgressHUD.m in Sources */ = {isa = PBXBuildFile; fileRef = 84FC7D7F19C0064E0001FD7C /* MBProgressHUD.m */; settings = {COMPILER_FLAGS = "-fno-objc-arc"; }; };
		84FC7D9019C0064E0001FD7C /* NSObject+SBJSON.m in Sources */ = {isa = PBXBuildFile; fileRef = 84FC7D8119C0064E0001FD7C /* NSObject+SBJSON.m */; settings = {COMPILER_FLAGS = "-fno-objc-arc"; }; };
		84FC7D9119C0064E0001FD7C /* NSString+SBJSON.m in Sources */ = {isa = PBXBuildFile; fileRef = 84FC7D8319C0064E0001FD7C /* NSString+SBJSON.m */; settings = {COMPILER_FLAGS = "-fno-objc-arc"; }; };
		84FC7D9219C0064E0001FD7C /* Reachability.m in Sources */ = {isa = PBXBuildFile; fileRef = 84FC7D8519C0064E0001FD7C /* Reachability.m */; settings = {COMPILER_FLAGS = "-fno-objc-arc"; }; };
		84FC7D9319C0064E0001FD7C /* SBJSON.m in Sources */ = {isa = PBXBuildFile; fileRef = 84FC7D8719C0064E0001FD7C /* SBJSON.m */; settings = {COMPILER_FLAGS = "-fno-objc-arc"; }; };
		84FC7D9419C0064E0001FD7C /* SBJsonBase.m in Sources */ = {isa = PBXBuildFile; fileRef = 84FC7D8919C0064E0001FD7C /* SBJsonBase.m */; settings = {COMPILER_FLAGS = "-fno-objc-arc"; }; };
		84FC7D9519C0064E0001FD7C /* SBJsonParser.m in Sources */ = {isa = PBXBuildFile; fileRef = 84FC7D8B19C0064E0001FD7C /* SBJsonParser.m */; settings = {COMPILER_FLAGS = "-fno-objc-arc"; }; };
		84FC7D9619C0064E0001FD7C /* SBJsonWriter.m in Sources */ = {isa = PBXBuildFile; fileRef = 84FC7D8D19C0064E0001FD7C /* SBJsonWriter.m */; settings = {COMPILER_FLAGS = "-fno-objc-arc"; }; };
		84FC7D9819C017750001FD7C /* Dashboard_iPhone.storyboard in Resources */ = {isa = PBXBuildFile; fileRef = 84FC7D9719C017750001FD7C /* Dashboard_iPhone.storyboard */; };
		84FC7D9A19C017880001FD7C /* Dashboard_iPad.storyboard in Resources */ = {isa = PBXBuildFile; fileRef = 84FC7D9919C017880001FD7C /* Dashboard_iPad.storyboard */; };
		84FC7DA919C0191B0001FD7C /* RECommonFunctions.m in Sources */ = {isa = PBXBuildFile; fileRef = 84FC7D9E19C0191B0001FD7C /* RECommonFunctions.m */; };
		84FC7DAA19C0191B0001FD7C /* REFrostedContainerViewController.m in Sources */ = {isa = PBXBuildFile; fileRef = 84FC7DA019C0191B0001FD7C /* REFrostedContainerViewController.m */; settings = {COMPILER_FLAGS = "-fobjc-arc"; }; };
		84FC7DAB19C0191B0001FD7C /* REFrostedViewController.m in Sources */ = {isa = PBXBuildFile; fileRef = 84FC7DA219C0191B0001FD7C /* REFrostedViewController.m */; settings = {COMPILER_FLAGS = "-fobjc-arc"; }; };
		84FC7DAC19C0191B0001FD7C /* UIImage+REFrostedViewController.m in Sources */ = {isa = PBXBuildFile; fileRef = 84FC7DA419C0191B0001FD7C /* UIImage+REFrostedViewController.m */; };
		84FC7DAD19C0191B0001FD7C /* UIView+REFrostedViewController.m in Sources */ = {isa = PBXBuildFile; fileRef = 84FC7DA619C0191B0001FD7C /* UIView+REFrostedViewController.m */; };
		84FC7DAE19C0191B0001FD7C /* UIViewController+REFrostedViewController.m in Sources */ = {isa = PBXBuildFile; fileRef = 84FC7DA819C0191B0001FD7C /* UIViewController+REFrostedViewController.m */; };
		84FC7DB119C01A210001FD7C /* DashboardMainViewController.m in Sources */ = {isa = PBXBuildFile; fileRef = 84FC7DB019C01A210001FD7C /* DashboardMainViewController.m */; };
		84FC7DB419C01A550001FD7C /* DashboardContentListTableViewController.m in Sources */ = {isa = PBXBuildFile; fileRef = 84FC7DB319C01A550001FD7C /* DashboardContentListTableViewController.m */; };
		84FC7DB919C01C680001FD7C /* Avatar-female.png in Resources */ = {isa = PBXBuildFile; fileRef = 84FC7DB819C01C680001FD7C /* Avatar-female.png */; };
		84FC7DBC19C021180001FD7C /* ProfileUpdateViewController.m in Sources */ = {isa = PBXBuildFile; fileRef = 84FC7DBB19C021180001FD7C /* ProfileUpdateViewController.m */; };
		84FC7DC219C023A80001FD7C /* MailinboxTableViewController.m in Sources */ = {isa = PBXBuildFile; fileRef = 84FC7DC119C023A80001FD7C /* MailinboxTableViewController.m */; };
		84FC7DCE19C023F30001FD7C /* MyauthorsTableViewController.m in Sources */ = {isa = PBXBuildFile; fileRef = 84FC7DCD19C023F30001FD7C /* MyauthorsTableViewController.m */; };
		84FC7DD419C0242B0001FD7C /* Courselist_iPad_ViewController.m in Sources */ = {isa = PBXBuildFile; fileRef = 84FC7DD319C0242B0001FD7C /* Courselist_iPad_ViewController.m */; };
		84FC7DD919C02B360001FD7C /* BillingTableViewController.m in Sources */ = {isa = PBXBuildFile; fileRef = 84FC7DD819C02B360001FD7C /* BillingTableViewController.m */; };
		84FC7DDC19C02E4A0001FD7C /* DashboardcontainerViewController.m in Sources */ = {isa = PBXBuildFile; fileRef = 84FC7DDB19C02E4A0001FD7C /* DashboardcontainerViewController.m */; };
/* End PBXBuildFile section */

/* Begin PBXContainerItemProxy section */
		0DAFD02519BEC75500A1E509 /* PBXContainerItemProxy */ = {
			isa = PBXContainerItemProxy;
			containerPortal = 0DAFCFF419BEC75500A1E509 /* Project object */;
			proxyType = 1;
			remoteGlobalIDString = 0DAFCFFB19BEC75500A1E509;
			remoteInfo = LMSMOOC;
		};
/* End PBXContainerItemProxy section */

/* Begin PBXFileReference section */
		0D2E930819C42C00005C4E67 /* important.png */ = {isa = PBXFileReference; lastKnownFileType = image.png; path = important.png; sourceTree = "<group>"; };
		0D2E930919C42C00005C4E67 /* unimportant.png */ = {isa = PBXFileReference; lastKnownFileType = image.png; path = unimportant.png; sourceTree = "<group>"; };
		0D3C958D19C31C9C0065A4B4 /* bg.jpg */ = {isa = PBXFileReference; lastKnownFileType = image.jpeg; path = bg.jpg; sourceTree = "<group>"; };
		0D3C959019C31EFB0065A4B4 /* NSString+FontAwesome.h */ = {isa = PBXFileReference; fileEncoding = 4; lastKnownFileType = sourcecode.c.h; path = "NSString+FontAwesome.h"; sourceTree = "<group>"; };
		0D3C959119C31EFB0065A4B4 /* NSString+FontAwesome.m */ = {isa = PBXFileReference; fileEncoding = 4; lastKnownFileType = sourcecode.c.objc; path = "NSString+FontAwesome.m"; sourceTree = "<group>"; };
		0D3C959219C31EFB0065A4B4 /* UIButton+Bootstrap.h */ = {isa = PBXFileReference; fileEncoding = 4; lastKnownFileType = sourcecode.c.h; path = "UIButton+Bootstrap.h"; sourceTree = "<group>"; };
		0D3C959319C31EFB0065A4B4 /* UIButton+Bootstrap.m */ = {isa = PBXFileReference; fileEncoding = 4; lastKnownFileType = sourcecode.c.objc; path = "UIButton+Bootstrap.m"; sourceTree = "<group>"; };
		0D3C959619C329C80065A4B4 /* edit.png */ = {isa = PBXFileReference; lastKnownFileType = image.png; path = edit.png; sourceTree = "<group>"; };
		0DAFCFFC19BEC75500A1E509 /* LMSMOOC.app */ = {isa = PBXFileReference; explicitFileType = wrapper.application; includeInIndex = 0; path = LMSMOOC.app; sourceTree = BUILT_PRODUCTS_DIR; };
		0DAFCFFF19BEC75500A1E509 /* Foundation.framework */ = {isa = PBXFileReference; lastKnownFileType = wrapper.framework; name = Foundation.framework; path = System/Library/Frameworks/Foundation.framework; sourceTree = SDKROOT; };
		0DAFD00119BEC75500A1E509 /* CoreGraphics.framework */ = {isa = PBXFileReference; lastKnownFileType = wrapper.framework; name = CoreGraphics.framework; path = System/Library/Frameworks/CoreGraphics.framework; sourceTree = SDKROOT; };
		0DAFD00319BEC75500A1E509 /* UIKit.framework */ = {isa = PBXFileReference; lastKnownFileType = wrapper.framework; name = UIKit.framework; path = System/Library/Frameworks/UIKit.framework; sourceTree = SDKROOT; };
		0DAFD00719BEC75500A1E509 /* LMSMOOC-Info.plist */ = {isa = PBXFileReference; lastKnownFileType = text.plist.xml; path = "LMSMOOC-Info.plist"; sourceTree = "<group>"; };
		0DAFD00919BEC75500A1E509 /* en */ = {isa = PBXFileReference; lastKnownFileType = text.plist.strings; name = en; path = en.lproj/InfoPlist.strings; sourceTree = "<group>"; };
		0DAFD00B19BEC75500A1E509 /* main.m */ = {isa = PBXFileReference; lastKnownFileType = sourcecode.c.objc; path = main.m; sourceTree = "<group>"; };
		0DAFD00D19BEC75500A1E509 /* LMSMOOC-Prefix.pch */ = {isa = PBXFileReference; lastKnownFileType = sourcecode.c.h; path = "LMSMOOC-Prefix.pch"; sourceTree = "<group>"; };
		0DAFD00E19BEC75500A1E509 /* lmsmoocAppDelegate.h */ = {isa = PBXFileReference; lastKnownFileType = sourcecode.c.h; path = lmsmoocAppDelegate.h; sourceTree = "<group>"; };
		0DAFD00F19BEC75500A1E509 /* lmsmoocAppDelegate.m */ = {isa = PBXFileReference; lastKnownFileType = sourcecode.c.objc; path = lmsmoocAppDelegate.m; sourceTree = "<group>"; };
		0DAFD01719BEC75500A1E509 /* lmsmoocViewController.h */ = {isa = PBXFileReference; lastKnownFileType = sourcecode.c.h; path = lmsmoocViewController.h; sourceTree = "<group>"; };
		0DAFD01819BEC75500A1E509 /* lmsmoocViewController.m */ = {isa = PBXFileReference; lastKnownFileType = sourcecode.c.objc; path = lmsmoocViewController.m; sourceTree = "<group>"; };
		0DAFD01A19BEC75500A1E509 /* Images.xcassets */ = {isa = PBXFileReference; lastKnownFileType = folder.assetcatalog; path = Images.xcassets; sourceTree = "<group>"; };
		0DAFD02019BEC75500A1E509 /* LMSMOOCTests.xctest */ = {isa = PBXFileReference; explicitFileType = wrapper.cfbundle; includeInIndex = 0; path = LMSMOOCTests.xctest; sourceTree = BUILT_PRODUCTS_DIR; };
		0DAFD02119BEC75500A1E509 /* XCTest.framework */ = {isa = PBXFileReference; lastKnownFileType = wrapper.framework; name = XCTest.framework; path = Library/Frameworks/XCTest.framework; sourceTree = DEVELOPER_DIR; };
		0DAFD02919BEC75500A1E509 /* LMSMOOCTests-Info.plist */ = {isa = PBXFileReference; lastKnownFileType = text.plist.xml; path = "LMSMOOCTests-Info.plist"; sourceTree = "<group>"; };
		0DAFD02B19BEC75500A1E509 /* en */ = {isa = PBXFileReference; lastKnownFileType = text.plist.strings; name = en; path = en.lproj/InfoPlist.strings; sourceTree = "<group>"; };
		0DAFD02D19BEC75500A1E509 /* LMSMOOCTests.m */ = {isa = PBXFileReference; lastKnownFileType = sourcecode.c.objc; path = LMSMOOCTests.m; sourceTree = "<group>"; };
		0DE658D719C4515C00E8604D /* FontAwesome.ttf */ = {isa = PBXFileReference; lastKnownFileType = file; path = FontAwesome.ttf; sourceTree = "<group>"; };
		0DFCDC3019CAB1BB002D317D /* search.png */ = {isa = PBXFileReference; lastKnownFileType = image.png; path = search.png; sourceTree = "<group>"; };
		0DFCDC3219CAB990002D317D /* 1star.png */ = {isa = PBXFileReference; lastKnownFileType = image.png; path = 1star.png; sourceTree = "<group>"; };
		0DFCDC3319CAB990002D317D /* 2star.png */ = {isa = PBXFileReference; lastKnownFileType = image.png; path = 2star.png; sourceTree = "<group>"; };
		0DFCDC3419CAB990002D317D /* 3star.png */ = {isa = PBXFileReference; lastKnownFileType = image.png; path = 3star.png; sourceTree = "<group>"; };
		0DFCDC3519CAB990002D317D /* 4star.png */ = {isa = PBXFileReference; lastKnownFileType = image.png; path = 4star.png; sourceTree = "<group>"; };
		0DFCDC3619CAB990002D317D /* 5star.png */ = {isa = PBXFileReference; lastKnownFileType = image.png; path = 5star.png; sourceTree = "<group>"; };
		0DFCDC3C19CABE0F002D317D /* 0star.png */ = {isa = PBXFileReference; lastKnownFileType = image.png; path = 0star.png; sourceTree = "<group>"; };
		84082A5319C802960039F4E8 /* CategorywiseDatasViewController.h */ = {isa = PBXFileReference; fileEncoding = 4; lastKnownFileType = sourcecode.c.h; path = CategorywiseDatasViewController.h; sourceTree = "<group>"; };
		84082A5419C802960039F4E8 /* CategorywiseDatasViewController.m */ = {isa = PBXFileReference; fileEncoding = 4; lastKnownFileType = sourcecode.c.objc; path = CategorywiseDatasViewController.m; sourceTree = "<group>"; };
		84082A5619C80F1E0039F4E8 /* CourseSearchViewController.h */ = {isa = PBXFileReference; fileEncoding = 4; lastKnownFileType = sourcecode.c.h; path = CourseSearchViewController.h; sourceTree = "<group>"; };
		84082A5719C80F1E0039F4E8 /* CourseSearchViewController.m */ = {isa = PBXFileReference; fileEncoding = 4; lastKnownFileType = sourcecode.c.objc; path = CourseSearchViewController.m; sourceTree = "<group>"; };
		84082A5C19C834490039F4E8 /* btn_close_normal.png */ = {isa = PBXFileReference; lastKnownFileType = image.png; path = btn_close_normal.png; sourceTree = "<group>"; };
		84082A5D19C834490039F4E8 /* btn_close_normal@2x.png */ = {isa = PBXFileReference; lastKnownFileType = image.png; path = "btn_close_normal@2x.png"; sourceTree = "<group>"; };
		84082A5E19C834490039F4E8 /* btn_close_selected.png */ = {isa = PBXFileReference; lastKnownFileType = image.png; path = btn_close_selected.png; sourceTree = "<group>"; };
		84082A5F19C834490039F4E8 /* btn_close_selected@2x.png */ = {isa = PBXFileReference; lastKnownFileType = image.png; path = "btn_close_selected@2x.png"; sourceTree = "<group>"; };
		84082A6019C834490039F4E8 /* DXAlertView.h */ = {isa = PBXFileReference; fileEncoding = 4; lastKnownFileType = sourcecode.c.h; path = DXAlertView.h; sourceTree = "<group>"; };
		84082A6119C834490039F4E8 /* DXAlertView.m */ = {isa = PBXFileReference; fileEncoding = 4; lastKnownFileType = sourcecode.c.objc; path = DXAlertView.m; sourceTree = "<group>"; };
		840B832119BEE58F0065B678 /* PageContentViewController.h */ = {isa = PBXFileReference; fileEncoding = 4; lastKnownFileType = sourcecode.c.h; path = PageContentViewController.h; sourceTree = "<group>"; };
		840B832219BEE58F0065B678 /* PageContentViewController.m */ = {isa = PBXFileReference; fileEncoding = 4; lastKnownFileType = sourcecode.c.objc; path = PageContentViewController.m; sourceTree = "<group>"; };
		840B832D19BF074F0065B678 /* LoginPageViewController.h */ = {isa = PBXFileReference; fileEncoding = 4; lastKnownFileType = sourcecode.c.h; path = LoginPageViewController.h; sourceTree = "<group>"; };
		840B832E19BF074F0065B678 /* LoginPageViewController.m */ = {isa = PBXFileReference; fileEncoding = 4; lastKnownFileType = sourcecode.c.objc; path = LoginPageViewController.m; sourceTree = "<group>"; };
		840B833219BF0BC80065B678 /* SignupViewController.h */ = {isa = PBXFileReference; fileEncoding = 4; lastKnownFileType = sourcecode.c.h; path = SignupViewController.h; sourceTree = "<group>"; };
		840B833319BF0BC80065B678 /* SignupViewController.m */ = {isa = PBXFileReference; fileEncoding = 4; lastKnownFileType = sourcecode.c.objc; path = SignupViewController.m; sourceTree = "<group>"; };
		840B833819BF23340065B678 /* navlogo.png */ = {isa = PBXFileReference; lastKnownFileType = image.png; name = navlogo.png; path = LMSMOOC/navlogo.png; sourceTree = "<group>"; };
		844A9CB219C19A4D000A5449 /* Avatarimagecell.h */ = {isa = PBXFileReference; fileEncoding = 4; lastKnownFileType = sourcecode.c.h; path = Avatarimagecell.h; sourceTree = "<group>"; };
		844A9CB319C19A4D000A5449 /* Avatarimagecell.m */ = {isa = PBXFileReference; fileEncoding = 4; lastKnownFileType = sourcecode.c.objc; path = Avatarimagecell.m; sourceTree = "<group>"; };
		844A9CB519C1A2BB000A5449 /* placeholder.png */ = {isa = PBXFileReference; lastKnownFileType = image.png; path = placeholder.png; sourceTree = "<group>"; };
		844A9CB719C1A765000A5449 /* photo-frame.png */ = {isa = PBXFileReference; lastKnownFileType = image.png; path = "photo-frame.png"; sourceTree = "<group>"; };
		845B109D19BF2D5B00AAE3E4 /* checkBox.png */ = {isa = PBXFileReference; lastKnownFileType = image.png; name = checkBox.png; path = LMSMOOC/checkBox.png; sourceTree = "<group>"; };
		845B109E19BF2D5B00AAE3E4 /* checkBox@2x.png */ = {isa = PBXFileReference; lastKnownFileType = image.png; name = "checkBox@2x.png"; path = "LMSMOOC/checkBox@2x.png"; sourceTree = "<group>"; };
		845B109F19BF2D5B00AAE3E4 /* checkBoxMarked.png */ = {isa = PBXFileReference; lastKnownFileType = image.png; name = checkBoxMarked.png; path = LMSMOOC/checkBoxMarked.png; sourceTree = "<group>"; };
		845B10A019BF2D5B00AAE3E4 /* checkBoxMarked@2x.png */ = {isa = PBXFileReference; lastKnownFileType = image.png; name = "checkBoxMarked@2x.png"; path = "LMSMOOC/checkBoxMarked@2x.png"; sourceTree = "<group>"; };
		847635CF19C03FCC00F45CEF /* ban1.png */ = {isa = PBXFileReference; lastKnownFileType = image.png; path = ban1.png; sourceTree = "<group>"; };
		847635D019C03FCC00F45CEF /* ban2.png */ = {isa = PBXFileReference; lastKnownFileType = image.png; path = ban2.png; sourceTree = "<group>"; };
		847635D119C03FCC00F45CEF /* ban3.png */ = {isa = PBXFileReference; lastKnownFileType = image.png; path = ban3.png; sourceTree = "<group>"; };
		847635D219C03FCC00F45CEF /* ban4.png */ = {isa = PBXFileReference; lastKnownFileType = image.png; path = ban4.png; sourceTree = "<group>"; };
		847635D319C03FCC00F45CEF /* bantab1.png */ = {isa = PBXFileReference; lastKnownFileType = image.png; path = bantab1.png; sourceTree = "<group>"; };
		847635D419C03FCC00F45CEF /* bantab2.png */ = {isa = PBXFileReference; lastKnownFileType = image.png; path = bantab2.png; sourceTree = "<group>"; };
		847635D519C03FCC00F45CEF /* bantab3.png */ = {isa = PBXFileReference; lastKnownFileType = image.png; path = bantab3.png; sourceTree = "<group>"; };
		847635D619C03FCC00F45CEF /* bantab4.png */ = {isa = PBXFileReference; lastKnownFileType = image.png; path = bantab4.png; sourceTree = "<group>"; };
		847635E319C0733C00F45CEF /* Mycourses_iPadViewController.h */ = {isa = PBXFileReference; fileEncoding = 4; lastKnownFileType = sourcecode.c.h; path = Mycourses_iPadViewController.h; sourceTree = "<group>"; };
		847635E419C0733C00F45CEF /* Mycourses_iPadViewController.m */ = {isa = PBXFileReference; fileEncoding = 4; lastKnownFileType = sourcecode.c.objc; path = Mycourses_iPadViewController.m; sourceTree = "<group>"; };
		847635E619C0735900F45CEF /* Myfavorites_iPadViewController.h */ = {isa = PBXFileReference; fileEncoding = 4; lastKnownFileType = sourcecode.c.h; path = Myfavorites_iPadViewController.h; sourceTree = "<group>"; };
		847635E719C0735900F45CEF /* Myfavorites_iPadViewController.m */ = {isa = PBXFileReference; fileEncoding = 4; lastKnownFileType = sourcecode.c.objc; path = Myfavorites_iPadViewController.m; sourceTree = "<group>"; };
		847635E919C077BF00F45CEF /* CollectionCellContent.h */ = {isa = PBXFileReference; fileEncoding = 4; lastKnownFileType = sourcecode.c.h; path = CollectionCellContent.h; sourceTree = "<group>"; };
		847635EA19C077BF00F45CEF /* CollectionCellContent.m */ = {isa = PBXFileReference; fileEncoding = 4; lastKnownFileType = sourcecode.c.objc; path = CollectionCellContent.m; sourceTree = "<group>"; };
		847635EC19C07CFC00F45CEF /* menu_icon.png */ = {isa = PBXFileReference; lastKnownFileType = image.png; path = menu_icon.png; sourceTree = "<group>"; };
		847635EE19C095A700F45CEF /* Passwordchange.h */ = {isa = PBXFileReference; fileEncoding = 4; lastKnownFileType = sourcecode.c.h; path = Passwordchange.h; sourceTree = "<group>"; };
		847635EF19C095A700F45CEF /* Passwordchange.m */ = {isa = PBXFileReference; fileEncoding = 4; lastKnownFileType = sourcecode.c.objc; path = Passwordchange.m; sourceTree = "<group>"; };
		8476E7F219C17EE8002DB513 /* AvatarImagesViewController.h */ = {isa = PBXFileReference; fileEncoding = 4; lastKnownFileType = sourcecode.c.h; path = AvatarImagesViewController.h; sourceTree = "<group>"; };
		8476E7F319C17EE8002DB513 /* AvatarImagesViewController.m */ = {isa = PBXFileReference; fileEncoding = 4; lastKnownFileType = sourcecode.c.objc; path = AvatarImagesViewController.m; sourceTree = "<group>"; };
		84CBD4FB19C730C500CB50D1 /* CourseDesignTableViewCell.h */ = {isa = PBXFileReference; fileEncoding = 4; lastKnownFileType = sourcecode.c.h; path = CourseDesignTableViewCell.h; sourceTree = "<group>"; };
		84CBD4FC19C730C500CB50D1 /* CourseDesignTableViewCell.m */ = {isa = PBXFileReference; fileEncoding = 4; lastKnownFileType = sourcecode.c.objc; path = CourseDesignTableViewCell.m; sourceTree = "<group>"; };
		84CBD4FD19C730C500CB50D1 /* courselist_iPhoneTableViewController.h */ = {isa = PBXFileReference; fileEncoding = 4; lastKnownFileType = sourcecode.c.h; path = courselist_iPhoneTableViewController.h; sourceTree = "<group>"; };
		84CBD4FE19C730C500CB50D1 /* courselist_iPhoneTableViewController.m */ = {isa = PBXFileReference; fileEncoding = 4; lastKnownFileType = sourcecode.c.objc; path = courselist_iPhoneTableViewController.m; sourceTree = "<group>"; };
		84E52CBB19C9B2440042D07A /* CategorywiseDatasiPadViewController.h */ = {isa = PBXFileReference; fileEncoding = 4; lastKnownFileType = sourcecode.c.h; path = CategorywiseDatasiPadViewController.h; sourceTree = "<group>"; };
		84E52CBC19C9B2440042D07A /* CategorywiseDatasiPadViewController.m */ = {isa = PBXFileReference; fileEncoding = 4; lastKnownFileType = sourcecode.c.objc; path = CategorywiseDatasiPadViewController.m; sourceTree = "<group>"; };
		84E52CBE19C9B7050042D07A /* CourseSearchiPadViewController.h */ = {isa = PBXFileReference; fileEncoding = 4; lastKnownFileType = sourcecode.c.h; path = CourseSearchiPadViewController.h; sourceTree = "<group>"; };
		84E52CBF19C9B7050042D07A /* CourseSearchiPadViewController.m */ = {isa = PBXFileReference; fileEncoding = 4; lastKnownFileType = sourcecode.c.objc; path = CourseSearchiPadViewController.m; sourceTree = "<group>"; };
		84E52CC119C9D0A80042D07A /* categorypopoverViewController.h */ = {isa = PBXFileReference; fileEncoding = 4; lastKnownFileType = sourcecode.c.h; path = categorypopoverViewController.h; sourceTree = "<group>"; };
		84E52CC219C9D0A90042D07A /* categorypopoverViewController.m */ = {isa = PBXFileReference; fileEncoding = 4; lastKnownFileType = sourcecode.c.objc; path = categorypopoverViewController.m; sourceTree = "<group>"; };
		84EC715219CAD77000529168 /* MycategoriesDetailViewController.h */ = {isa = PBXFileReference; fileEncoding = 4; lastKnownFileType = sourcecode.c.h; path = MycategoriesDetailViewController.h; sourceTree = "<group>"; };
		84EC715319CAD77000529168 /* MycategoriesDetailViewController.m */ = {isa = PBXFileReference; fileEncoding = 4; lastKnownFileType = sourcecode.c.objc; path = MycategoriesDetailViewController.m; sourceTree = "<group>"; };
		84EC715419CAD77000529168 /* MycoursesViewController.h */ = {isa = PBXFileReference; fileEncoding = 4; lastKnownFileType = sourcecode.c.h; path = MycoursesViewController.h; sourceTree = "<group>"; };
		84EC715519CAD77000529168 /* MycoursesViewController.m */ = {isa = PBXFileReference; fileEncoding = 4; lastKnownFileType = sourcecode.c.objc; path = MycoursesViewController.m; sourceTree = "<group>"; };
		84EC715619CAD77000529168 /* MyfavoritesViewController.h */ = {isa = PBXFileReference; fileEncoding = 4; lastKnownFileType = sourcecode.c.h; path = MyfavoritesViewController.h; sourceTree = "<group>"; };
		84EC715719CAD77000529168 /* MyfavoritesViewController.m */ = {isa = PBXFileReference; fileEncoding = 4; lastKnownFileType = sourcecode.c.objc; path = MyfavoritesViewController.m; sourceTree = "<group>"; };
		84EC715B19CAF66500529168 /* MycategoriesViewController.h */ = {isa = PBXFileReference; fileEncoding = 4; lastKnownFileType = sourcecode.c.h; path = MycategoriesViewController.h; sourceTree = "<group>"; };
		84EC715C19CAF66500529168 /* MycategoriesViewController.m */ = {isa = PBXFileReference; fileEncoding = 4; lastKnownFileType = sourcecode.c.objc; path = MycategoriesViewController.m; sourceTree = "<group>"; };
		84EC715F19CAFE5F00529168 /* AuthorTableViewCell.h */ = {isa = PBXFileReference; fileEncoding = 4; lastKnownFileType = sourcecode.c.h; path = AuthorTableViewCell.h; sourceTree = "<group>"; };
		84EC716019CAFE5F00529168 /* AuthorTableViewCell.m */ = {isa = PBXFileReference; fileEncoding = 4; lastKnownFileType = sourcecode.c.objc; path = AuthorTableViewCell.m; sourceTree = "<group>"; };
		84EC716219CB087E00529168 /* MyauthorcoursesViewController.h */ = {isa = PBXFileReference; fileEncoding = 4; lastKnownFileType = sourcecode.c.h; path = MyauthorcoursesViewController.h; sourceTree = "<group>"; };
		84EC716319CB087E00529168 /* MyauthorcoursesViewController.m */ = {isa = PBXFileReference; fileEncoding = 4; lastKnownFileType = sourcecode.c.objc; path = MyauthorcoursesViewController.m; sourceTree = "<group>"; };
		84EC716519CB16A200529168 /* BillingTableViewCell.h */ = {isa = PBXFileReference; fileEncoding = 4; lastKnownFileType = sourcecode.c.h; path = BillingTableViewCell.h; sourceTree = "<group>"; };
		84EC716619CB16A200529168 /* BillingTableViewCell.m */ = {isa = PBXFileReference; fileEncoding = 4; lastKnownFileType = sourcecode.c.objc; path = BillingTableViewCell.m; sourceTree = "<group>"; };
		84EC716819CB1ACB00529168 /* BillingDetailViewController.h */ = {isa = PBXFileReference; fileEncoding = 4; lastKnownFileType = sourcecode.c.h; path = BillingDetailViewController.h; sourceTree = "<group>"; };
		84EC716919CB1ACB00529168 /* BillingDetailViewController.m */ = {isa = PBXFileReference; fileEncoding = 4; lastKnownFileType = sourcecode.c.objc; path = BillingDetailViewController.m; sourceTree = "<group>"; };
		84F59B6119C2AD5A009EF252 /* APRoundedButton.h */ = {isa = PBXFileReference; fileEncoding = 4; lastKnownFileType = sourcecode.c.h; path = APRoundedButton.h; sourceTree = "<group>"; };
		84F59B6219C2AD5A009EF252 /* APRoundedButton.m */ = {isa = PBXFileReference; fileEncoding = 4; lastKnownFileType = sourcecode.c.objc; path = APRoundedButton.m; sourceTree = "<group>"; };
		84F59B6419C2AD89009EF252 /* Main_iPad.storyboard */ = {isa = PBXFileReference; fileEncoding = 4; lastKnownFileType = file.storyboard; path = Main_iPad.storyboard; sourceTree = "<group>"; };
		84F59B6519C2AD89009EF252 /* Main_iPhone.storyboard */ = {isa = PBXFileReference; fileEncoding = 4; lastKnownFileType = file.storyboard; path = Main_iPhone.storyboard; sourceTree = "<group>"; };
		84F59B6819C2AE28009EF252 /* ban5.png */ = {isa = PBXFileReference; lastKnownFileType = image.png; path = ban5.png; sourceTree = "<group>"; };
		84F59B6919C2AE28009EF252 /* bantab5.png */ = {isa = PBXFileReference; lastKnownFileType = image.png; path = bantab5.png; sourceTree = "<group>"; };
		84F59B6F19C2FC37009EF252 /* MAILinboxTableViewCell.h */ = {isa = PBXFileReference; fileEncoding = 4; lastKnownFileType = sourcecode.c.h; path = MAILinboxTableViewCell.h; sourceTree = "<group>"; };
		84F59B7019C2FC37009EF252 /* MAILinboxTableViewCell.m */ = {isa = PBXFileReference; fileEncoding = 4; lastKnownFileType = sourcecode.c.objc; path = MAILinboxTableViewCell.m; sourceTree = "<group>"; };
		84F59B7819C2FFA9009EF252 /* MailDetailsViewController.h */ = {isa = PBXFileReference; fileEncoding = 4; lastKnownFileType = sourcecode.c.h; path = MailDetailsViewController.h; sourceTree = "<group>"; };
		84F59B7919C2FFA9009EF252 /* MailDetailsViewController.m */ = {isa = PBXFileReference; fileEncoding = 4; lastKnownFileType = sourcecode.c.objc; path = MailDetailsViewController.m; sourceTree = "<group>"; };
		84FC7D7B19C0064E0001FD7C /* databaseurl.h */ = {isa = PBXFileReference; fileEncoding = 4; lastKnownFileType = sourcecode.c.h; path = databaseurl.h; sourceTree = "<group>"; };
		84FC7D7C19C0064E0001FD7C /* databaseurl.m */ = {isa = PBXFileReference; fileEncoding = 4; lastKnownFileType = sourcecode.c.objc; path = databaseurl.m; sourceTree = "<group>"; };
		84FC7D7D19C0064E0001FD7C /* JSON.h */ = {isa = PBXFileReference; fileEncoding = 4; lastKnownFileType = sourcecode.c.h; path = JSON.h; sourceTree = "<group>"; };
		84FC7D7E19C0064E0001FD7C /* MBProgressHUD.h */ = {isa = PBXFileReference; fileEncoding = 4; lastKnownFileType = sourcecode.c.h; path = MBProgressHUD.h; sourceTree = "<group>"; };
		84FC7D7F19C0064E0001FD7C /* MBProgressHUD.m */ = {isa = PBXFileReference; fileEncoding = 4; lastKnownFileType = sourcecode.c.objc; path = MBProgressHUD.m; sourceTree = "<group>"; };
		84FC7D8019C0064E0001FD7C /* NSObject+SBJSON.h */ = {isa = PBXFileReference; fileEncoding = 4; lastKnownFileType = sourcecode.c.h; path = "NSObject+SBJSON.h"; sourceTree = "<group>"; };
		84FC7D8119C0064E0001FD7C /* NSObject+SBJSON.m */ = {isa = PBXFileReference; fileEncoding = 4; lastKnownFileType = sourcecode.c.objc; path = "NSObject+SBJSON.m"; sourceTree = "<group>"; };
		84FC7D8219C0064E0001FD7C /* NSString+SBJSON.h */ = {isa = PBXFileReference; fileEncoding = 4; lastKnownFileType = sourcecode.c.h; path = "NSString+SBJSON.h"; sourceTree = "<group>"; };
		84FC7D8319C0064E0001FD7C /* NSString+SBJSON.m */ = {isa = PBXFileReference; fileEncoding = 4; lastKnownFileType = sourcecode.c.objc; path = "NSString+SBJSON.m"; sourceTree = "<group>"; };
		84FC7D8419C0064E0001FD7C /* Reachability.h */ = {isa = PBXFileReference; fileEncoding = 4; lastKnownFileType = sourcecode.c.h; path = Reachability.h; sourceTree = "<group>"; };
		84FC7D8519C0064E0001FD7C /* Reachability.m */ = {isa = PBXFileReference; fileEncoding = 4; lastKnownFileType = sourcecode.c.objc; path = Reachability.m; sourceTree = "<group>"; };
		84FC7D8619C0064E0001FD7C /* SBJSON.h */ = {isa = PBXFileReference; fileEncoding = 4; lastKnownFileType = sourcecode.c.h; path = SBJSON.h; sourceTree = "<group>"; };
		84FC7D8719C0064E0001FD7C /* SBJSON.m */ = {isa = PBXFileReference; fileEncoding = 4; lastKnownFileType = sourcecode.c.objc; path = SBJSON.m; sourceTree = "<group>"; };
		84FC7D8819C0064E0001FD7C /* SBJsonBase.h */ = {isa = PBXFileReference; fileEncoding = 4; lastKnownFileType = sourcecode.c.h; path = SBJsonBase.h; sourceTree = "<group>"; };
		84FC7D8919C0064E0001FD7C /* SBJsonBase.m */ = {isa = PBXFileReference; fileEncoding = 4; lastKnownFileType = sourcecode.c.objc; path = SBJsonBase.m; sourceTree = "<group>"; };
		84FC7D8A19C0064E0001FD7C /* SBJsonParser.h */ = {isa = PBXFileReference; fileEncoding = 4; lastKnownFileType = sourcecode.c.h; path = SBJsonParser.h; sourceTree = "<group>"; };
		84FC7D8B19C0064E0001FD7C /* SBJsonParser.m */ = {isa = PBXFileReference; fileEncoding = 4; lastKnownFileType = sourcecode.c.objc; path = SBJsonParser.m; sourceTree = "<group>"; };
		84FC7D8C19C0064E0001FD7C /* SBJsonWriter.h */ = {isa = PBXFileReference; fileEncoding = 4; lastKnownFileType = sourcecode.c.h; path = SBJsonWriter.h; sourceTree = "<group>"; };
		84FC7D8D19C0064E0001FD7C /* SBJsonWriter.m */ = {isa = PBXFileReference; fileEncoding = 4; lastKnownFileType = sourcecode.c.objc; path = SBJsonWriter.m; sourceTree = "<group>"; };
		84FC7D9719C017750001FD7C /* Dashboard_iPhone.storyboard */ = {isa = PBXFileReference; fileEncoding = 4; lastKnownFileType = file.storyboard; path = Dashboard_iPhone.storyboard; sourceTree = "<group>"; };
		84FC7D9919C017880001FD7C /* Dashboard_iPad.storyboard */ = {isa = PBXFileReference; fileEncoding = 4; lastKnownFileType = file.storyboard; path = Dashboard_iPad.storyboard; sourceTree = "<group>"; };
		84FC7D9D19C0191B0001FD7C /* RECommonFunctions.h */ = {isa = PBXFileReference; fileEncoding = 4; lastKnownFileType = sourcecode.c.h; path = RECommonFunctions.h; sourceTree = "<group>"; };
		84FC7D9E19C0191B0001FD7C /* RECommonFunctions.m */ = {isa = PBXFileReference; fileEncoding = 4; lastKnownFileType = sourcecode.c.objc; path = RECommonFunctions.m; sourceTree = "<group>"; };
		84FC7D9F19C0191B0001FD7C /* REFrostedContainerViewController.h */ = {isa = PBXFileReference; fileEncoding = 4; lastKnownFileType = sourcecode.c.h; path = REFrostedContainerViewController.h; sourceTree = "<group>"; };
		84FC7DA019C0191B0001FD7C /* REFrostedContainerViewController.m */ = {isa = PBXFileReference; fileEncoding = 4; lastKnownFileType = sourcecode.c.objc; path = REFrostedContainerViewController.m; sourceTree = "<group>"; };
		84FC7DA119C0191B0001FD7C /* REFrostedViewController.h */ = {isa = PBXFileReference; fileEncoding = 4; lastKnownFileType = sourcecode.c.h; path = REFrostedViewController.h; sourceTree = "<group>"; };
		84FC7DA219C0191B0001FD7C /* REFrostedViewController.m */ = {isa = PBXFileReference; fileEncoding = 4; lastKnownFileType = sourcecode.c.objc; path = REFrostedViewController.m; sourceTree = "<group>"; };
		84FC7DA319C0191B0001FD7C /* UIImage+REFrostedViewController.h */ = {isa = PBXFileReference; fileEncoding = 4; lastKnownFileType = sourcecode.c.h; path = "UIImage+REFrostedViewController.h"; sourceTree = "<group>"; };
		84FC7DA419C0191B0001FD7C /* UIImage+REFrostedViewController.m */ = {isa = PBXFileReference; fileEncoding = 4; lastKnownFileType = sourcecode.c.objc; path = "UIImage+REFrostedViewController.m"; sourceTree = "<group>"; };
		84FC7DA519C0191B0001FD7C /* UIView+REFrostedViewController.h */ = {isa = PBXFileReference; fileEncoding = 4; lastKnownFileType = sourcecode.c.h; path = "UIView+REFrostedViewController.h"; sourceTree = "<group>"; };
		84FC7DA619C0191B0001FD7C /* UIView+REFrostedViewController.m */ = {isa = PBXFileReference; fileEncoding = 4; lastKnownFileType = sourcecode.c.objc; path = "UIView+REFrostedViewController.m"; sourceTree = "<group>"; };
		84FC7DA719C0191B0001FD7C /* UIViewController+REFrostedViewController.h */ = {isa = PBXFileReference; fileEncoding = 4; lastKnownFileType = sourcecode.c.h; path = "UIViewController+REFrostedViewController.h"; sourceTree = "<group>"; };
		84FC7DA819C0191B0001FD7C /* UIViewController+REFrostedViewController.m */ = {isa = PBXFileReference; fileEncoding = 4; lastKnownFileType = sourcecode.c.objc; path = "UIViewController+REFrostedViewController.m"; sourceTree = "<group>"; };
		84FC7DAF19C01A210001FD7C /* DashboardMainViewController.h */ = {isa = PBXFileReference; fileEncoding = 4; lastKnownFileType = sourcecode.c.h; path = DashboardMainViewController.h; sourceTree = "<group>"; };
		84FC7DB019C01A210001FD7C /* DashboardMainViewController.m */ = {isa = PBXFileReference; fileEncoding = 4; lastKnownFileType = sourcecode.c.objc; path = DashboardMainViewController.m; sourceTree = "<group>"; };
		84FC7DB219C01A550001FD7C /* DashboardContentListTableViewController.h */ = {isa = PBXFileReference; fileEncoding = 4; lastKnownFileType = sourcecode.c.h; path = DashboardContentListTableViewController.h; sourceTree = "<group>"; };
		84FC7DB319C01A550001FD7C /* DashboardContentListTableViewController.m */ = {isa = PBXFileReference; fileEncoding = 4; lastKnownFileType = sourcecode.c.objc; path = DashboardContentListTableViewController.m; sourceTree = "<group>"; };
		84FC7DB819C01C680001FD7C /* Avatar-female.png */ = {isa = PBXFileReference; lastKnownFileType = image.png; path = "Avatar-female.png"; sourceTree = "<group>"; };
		84FC7DBA19C021180001FD7C /* ProfileUpdateViewController.h */ = {isa = PBXFileReference; fileEncoding = 4; lastKnownFileType = sourcecode.c.h; path = ProfileUpdateViewController.h; sourceTree = "<group>"; };
		84FC7DBB19C021180001FD7C /* ProfileUpdateViewController.m */ = {isa = PBXFileReference; fileEncoding = 4; lastKnownFileType = sourcecode.c.objc; path = ProfileUpdateViewController.m; sourceTree = "<group>"; };
		84FC7DC019C023A80001FD7C /* MailinboxTableViewController.h */ = {isa = PBXFileReference; fileEncoding = 4; lastKnownFileType = sourcecode.c.h; path = MailinboxTableViewController.h; sourceTree = "<group>"; };
		84FC7DC119C023A80001FD7C /* MailinboxTableViewController.m */ = {isa = PBXFileReference; fileEncoding = 4; lastKnownFileType = sourcecode.c.objc; path = MailinboxTableViewController.m; sourceTree = "<group>"; };
		84FC7DCC19C023F30001FD7C /* MyauthorsTableViewController.h */ = {isa = PBXFileReference; fileEncoding = 4; lastKnownFileType = sourcecode.c.h; path = MyauthorsTableViewController.h; sourceTree = "<group>"; };
		84FC7DCD19C023F30001FD7C /* MyauthorsTableViewController.m */ = {isa = PBXFileReference; fileEncoding = 4; lastKnownFileType = sourcecode.c.objc; path = MyauthorsTableViewController.m; sourceTree = "<group>"; };
		84FC7DD219C0242B0001FD7C /* Courselist_iPad_ViewController.h */ = {isa = PBXFileReference; fileEncoding = 4; lastKnownFileType = sourcecode.c.h; path = Courselist_iPad_ViewController.h; sourceTree = "<group>"; };
		84FC7DD319C0242B0001FD7C /* Courselist_iPad_ViewController.m */ = {isa = PBXFileReference; fileEncoding = 4; lastKnownFileType = sourcecode.c.objc; path = Courselist_iPad_ViewController.m; sourceTree = "<group>"; };
		84FC7DD719C02B360001FD7C /* BillingTableViewController.h */ = {isa = PBXFileReference; fileEncoding = 4; lastKnownFileType = sourcecode.c.h; path = BillingTableViewController.h; sourceTree = "<group>"; };
		84FC7DD819C02B360001FD7C /* BillingTableViewController.m */ = {isa = PBXFileReference; fileEncoding = 4; lastKnownFileType = sourcecode.c.objc; path = BillingTableViewController.m; sourceTree = "<group>"; };
		84FC7DDA19C02E4A0001FD7C /* DashboardcontainerViewController.h */ = {isa = PBXFileReference; fileEncoding = 4; lastKnownFileType = sourcecode.c.h; path = DashboardcontainerViewController.h; sourceTree = "<group>"; };
		84FC7DDB19C02E4A0001FD7C /* DashboardcontainerViewController.m */ = {isa = PBXFileReference; fileEncoding = 4; lastKnownFileType = sourcecode.c.objc; path = DashboardcontainerViewController.m; sourceTree = "<group>"; };
/* End PBXFileReference section */

/* Begin PBXFrameworksBuildPhase section */
		0DAFCFF919BEC75500A1E509 /* Frameworks */ = {
			isa = PBXFrameworksBuildPhase;
			buildActionMask = 2147483647;
			files = (
				0DAFD00219BEC75500A1E509 /* CoreGraphics.framework in Frameworks */,
				0DAFD00419BEC75500A1E509 /* UIKit.framework in Frameworks */,
				0DAFD00019BEC75500A1E509 /* Foundation.framework in Frameworks */,
			);
			runOnlyForDeploymentPostprocessing = 0;
		};
		0DAFD01D19BEC75500A1E509 /* Frameworks */ = {
			isa = PBXFrameworksBuildPhase;
			buildActionMask = 2147483647;
			files = (
				0DAFD02219BEC75500A1E509 /* XCTest.framework in Frameworks */,
				0DAFD02419BEC75500A1E509 /* UIKit.framework in Frameworks */,
				0DAFD02319BEC75500A1E509 /* Foundation.framework in Frameworks */,
			);
			runOnlyForDeploymentPostprocessing = 0;
		};
/* End PBXFrameworksBuildPhase section */

/* Begin PBXGroup section */
		0D3C958F19C31EED0065A4B4 /* Bootstrap */ = {
			isa = PBXGroup;
			children = (
				0D3C959019C31EFB0065A4B4 /* NSString+FontAwesome.h */,
				0D3C959119C31EFB0065A4B4 /* NSString+FontAwesome.m */,
				0DE658D719C4515C00E8604D /* FontAwesome.ttf */,
				0D3C959219C31EFB0065A4B4 /* UIButton+Bootstrap.h */,
				0D3C959319C31EFB0065A4B4 /* UIButton+Bootstrap.m */,
			);
			name = Bootstrap;
			sourceTree = "<group>";
		};
		0DAFCFF319BEC75500A1E509 = {
			isa = PBXGroup;
			children = (
				84EC715E19CAFDB900529168 /* MyAuthors */,
				84EC715119CAD75500529168 /* MyCourses */,
				84EC715019CAD74C00529168 /* MyFavorites */,
				84EC714F19CAD74300529168 /* MyCategory */,
				84F59B7619C2FF3F009EF252 /* MailList */,
				84F59B7719C2FF56009EF252 /* ProfileUpdate */,
				84082A6719C840900039F4E8 /* CourseList_iPad */,
				84082A5B19C8342F0039F4E8 /* ALERTVIEW */,
				84CBD4FA19C730A100CB50D1 /* CourseList_iPhone */,
				0D3C958F19C31EED0065A4B4 /* Bootstrap */,
				84F59B6019C2AD4D009EF252 /* Button Customize */,
				84F59B5F19C2AAE9009EF252 /* Update Password */,
				84F59B5E19C2AAD2009EF252 /* Avatar Download */,
				84FC7DD619C0244A0001FD7C /* iPad_menulist */,
				84FC7DD519C024330001FD7C /* Billing */,
				84FC7D9C19C018FD0001FD7C /* Dashboard */,
				84FC7D9B19C018EB0001FD7C /* SidebarPackages */,
				84FC7D7A19C0063D0001FD7C /* NetworkChecking */,
				845B10A519BF2D5E00AAE3E4 /* Images */,
				840B833119BF0BB60065B678 /* Signup */,
				840B833019BF07C80065B678 /* Login */,
				840B832419BEE5950065B678 /* PageContent */,
				0DAFD00519BEC75500A1E509 /* LMSMOOC */,
				0DAFD02719BEC75500A1E509 /* LMSMOOCTests */,
				0DAFCFFE19BEC75500A1E509 /* Frameworks */,
				0DAFCFFD19BEC75500A1E509 /* Products */,
			);
			sourceTree = "<group>";
		};
		0DAFCFFD19BEC75500A1E509 /* Products */ = {
			isa = PBXGroup;
			children = (
				0DAFCFFC19BEC75500A1E509 /* LMSMOOC.app */,
				0DAFD02019BEC75500A1E509 /* LMSMOOCTests.xctest */,
			);
			name = Products;
			sourceTree = "<group>";
		};
		0DAFCFFE19BEC75500A1E509 /* Frameworks */ = {
			isa = PBXGroup;
			children = (
				0DAFCFFF19BEC75500A1E509 /* Foundation.framework */,
				0DAFD00119BEC75500A1E509 /* CoreGraphics.framework */,
				0DAFD00319BEC75500A1E509 /* UIKit.framework */,
				0DAFD02119BEC75500A1E509 /* XCTest.framework */,
			);
			name = Frameworks;
			sourceTree = "<group>";
		};
		0DAFD00519BEC75500A1E509 /* LMSMOOC */ = {
			isa = PBXGroup;
			children = (
				847635CF19C03FCC00F45CEF /* ban1.png */,
				847635D019C03FCC00F45CEF /* ban2.png */,
				847635D119C03FCC00F45CEF /* ban3.png */,
				0D3C958D19C31C9C0065A4B4 /* bg.jpg */,
				847635D219C03FCC00F45CEF /* ban4.png */,
				0D2E930819C42C00005C4E67 /* important.png */,
				0D2E930919C42C00005C4E67 /* unimportant.png */,
				84F59B6819C2AE28009EF252 /* ban5.png */,
				84F59B6919C2AE28009EF252 /* bantab5.png */,
				847635D319C03FCC00F45CEF /* bantab1.png */,
				847635D419C03FCC00F45CEF /* bantab2.png */,
				847635D519C03FCC00F45CEF /* bantab3.png */,
				847635D619C03FCC00F45CEF /* bantab4.png */,
				0DAFD00E19BEC75500A1E509 /* lmsmoocAppDelegate.h */,
				0DAFD00F19BEC75500A1E509 /* lmsmoocAppDelegate.m */,
				84F59B6419C2AD89009EF252 /* Main_iPad.storyboard */,
				84F59B6519C2AD89009EF252 /* Main_iPhone.storyboard */,
				0DAFD01719BEC75500A1E509 /* lmsmoocViewController.h */,
				0DAFD01819BEC75500A1E509 /* lmsmoocViewController.m */,
				0DAFD01A19BEC75500A1E509 /* Images.xcassets */,
				0DAFD00619BEC75500A1E509 /* Supporting Files */,
			);
			path = LMSMOOC;
			sourceTree = "<group>";
		};
		0DAFD00619BEC75500A1E509 /* Supporting Files */ = {
			isa = PBXGroup;
			children = (
				0DAFD00719BEC75500A1E509 /* LMSMOOC-Info.plist */,
				0DAFD00819BEC75500A1E509 /* InfoPlist.strings */,
				0DAFD00B19BEC75500A1E509 /* main.m */,
				0DAFD00D19BEC75500A1E509 /* LMSMOOC-Prefix.pch */,
			);
			name = "Supporting Files";
			sourceTree = "<group>";
		};
		0DAFD02719BEC75500A1E509 /* LMSMOOCTests */ = {
			isa = PBXGroup;
			children = (
				0DAFD02D19BEC75500A1E509 /* LMSMOOCTests.m */,
				0DAFD02819BEC75500A1E509 /* Supporting Files */,
			);
			path = LMSMOOCTests;
			sourceTree = "<group>";
		};
		0DAFD02819BEC75500A1E509 /* Supporting Files */ = {
			isa = PBXGroup;
			children = (
				0DAFD02919BEC75500A1E509 /* LMSMOOCTests-Info.plist */,
				0DAFD02A19BEC75500A1E509 /* InfoPlist.strings */,
			);
			name = "Supporting Files";
			sourceTree = "<group>";
		};
		84082A5B19C8342F0039F4E8 /* ALERTVIEW */ = {
			isa = PBXGroup;
			children = (
				84082A5C19C834490039F4E8 /* btn_close_normal.png */,
				84082A5D19C834490039F4E8 /* btn_close_normal@2x.png */,
				84082A5E19C834490039F4E8 /* btn_close_selected.png */,
				84082A5F19C834490039F4E8 /* btn_close_selected@2x.png */,
				84082A6019C834490039F4E8 /* DXAlertView.h */,
				84082A6119C834490039F4E8 /* DXAlertView.m */,
			);
			name = ALERTVIEW;
			sourceTree = "<group>";
		};
		84082A6719C840900039F4E8 /* CourseList_iPad */ = {
			isa = PBXGroup;
			children = (
				84E52CC119C9D0A80042D07A /* categorypopoverViewController.h */,
				84E52CC219C9D0A90042D07A /* categorypopoverViewController.m */,
				847635E919C077BF00F45CEF /* CollectionCellContent.h */,
				847635EA19C077BF00F45CEF /* CollectionCellContent.m */,
				84FC7DD219C0242B0001FD7C /* Courselist_iPad_ViewController.h */,
				84FC7DD319C0242B0001FD7C /* Courselist_iPad_ViewController.m */,
				84E52CBB19C9B2440042D07A /* CategorywiseDatasiPadViewController.h */,
				84E52CBC19C9B2440042D07A /* CategorywiseDatasiPadViewController.m */,
				84E52CBE19C9B7050042D07A /* CourseSearchiPadViewController.h */,
				84E52CBF19C9B7050042D07A /* CourseSearchiPadViewController.m */,
			);
			name = CourseList_iPad;
			sourceTree = "<group>";
		};
		840B832419BEE5950065B678 /* PageContent */ = {
			isa = PBXGroup;
			children = (
				840B832119BEE58F0065B678 /* PageContentViewController.h */,
				840B832219BEE58F0065B678 /* PageContentViewController.m */,
			);
			name = PageContent;
			sourceTree = "<group>";
		};
		840B833019BF07C80065B678 /* Login */ = {
			isa = PBXGroup;
			children = (
				840B832D19BF074F0065B678 /* LoginPageViewController.h */,
				840B832E19BF074F0065B678 /* LoginPageViewController.m */,
			);
			name = Login;
			sourceTree = "<group>";
		};
		840B833119BF0BB60065B678 /* Signup */ = {
			isa = PBXGroup;
			children = (
				840B833219BF0BC80065B678 /* SignupViewController.h */,
				840B833319BF0BC80065B678 /* SignupViewController.m */,
			);
			name = Signup;
			sourceTree = "<group>";
		};
		845B10A519BF2D5E00AAE3E4 /* Images */ = {
			isa = PBXGroup;
			children = (
				845B109D19BF2D5B00AAE3E4 /* checkBox.png */,
				0DFCDC3219CAB990002D317D /* 1star.png */,
				0DFCDC3C19CABE0F002D317D /* 0star.png */,
				0DFCDC3319CAB990002D317D /* 2star.png */,
				0DFCDC3419CAB990002D317D /* 3star.png */,
				0DFCDC3519CAB990002D317D /* 4star.png */,
				0DFCDC3619CAB990002D317D /* 5star.png */,
				0D3C959619C329C80065A4B4 /* edit.png */,
				845B109E19BF2D5B00AAE3E4 /* checkBox@2x.png */,
				845B109F19BF2D5B00AAE3E4 /* checkBoxMarked.png */,
				845B10A019BF2D5B00AAE3E4 /* checkBoxMarked@2x.png */,
				840B833819BF23340065B678 /* navlogo.png */,
			);
			name = Images;
			sourceTree = "<group>";
		};
		84CBD4FA19C730A100CB50D1 /* CourseList_iPhone */ = {
			isa = PBXGroup;
			children = (
				0DFCDC3019CAB1BB002D317D /* search.png */,
				84082A5619C80F1E0039F4E8 /* CourseSearchViewController.h */,
				84082A5719C80F1E0039F4E8 /* CourseSearchViewController.m */,
				84082A5319C802960039F4E8 /* CategorywiseDatasViewController.h */,
				84082A5419C802960039F4E8 /* CategorywiseDatasViewController.m */,
				84CBD4FB19C730C500CB50D1 /* CourseDesignTableViewCell.h */,
				84CBD4FC19C730C500CB50D1 /* CourseDesignTableViewCell.m */,
				84CBD4FD19C730C500CB50D1 /* courselist_iPhoneTableViewController.h */,
				84CBD4FE19C730C500CB50D1 /* courselist_iPhoneTableViewController.m */,
			);
			name = CourseList_iPhone;
			sourceTree = "<group>";
		};
		84EC714F19CAD74300529168 /* MyCategory */ = {
			isa = PBXGroup;
			children = (
				84EC715B19CAF66500529168 /* MycategoriesViewController.h */,
				84EC715C19CAF66500529168 /* MycategoriesViewController.m */,
				84EC715219CAD77000529168 /* MycategoriesDetailViewController.h */,
				84EC715319CAD77000529168 /* MycategoriesDetailViewController.m */,
			);
			name = MyCategory;
			sourceTree = "<group>";
		};
		84EC715019CAD74C00529168 /* MyFavorites */ = {
			isa = PBXGroup;
			children = (
				84EC715619CAD77000529168 /* MyfavoritesViewController.h */,
				84EC715719CAD77000529168 /* MyfavoritesViewController.m */,
			);
			name = MyFavorites;
			sourceTree = "<group>";
		};
		84EC715119CAD75500529168 /* MyCourses */ = {
			isa = PBXGroup;
			children = (
				84EC715419CAD77000529168 /* MycoursesViewController.h */,
				84EC715519CAD77000529168 /* MycoursesViewController.m */,
			);
			name = MyCourses;
			sourceTree = "<group>";
		};
		84EC715E19CAFDB900529168 /* MyAuthors */ = {
			isa = PBXGroup;
			children = (
				84EC715F19CAFE5F00529168 /* AuthorTableViewCell.h */,
				84EC716019CAFE5F00529168 /* AuthorTableViewCell.m */,
				84FC7DCC19C023F30001FD7C /* MyauthorsTableViewController.h */,
				84FC7DCD19C023F30001FD7C /* MyauthorsTableViewController.m */,
				84EC716219CB087E00529168 /* MyauthorcoursesViewController.h */,
				84EC716319CB087E00529168 /* MyauthorcoursesViewController.m */,
			);
			name = MyAuthors;
			sourceTree = "<group>";
		};
		84F59B5E19C2AAD2009EF252 /* Avatar Download */ = {
			isa = PBXGroup;
			children = (
				844A9CB519C1A2BB000A5449 /* placeholder.png */,
				844A9CB719C1A765000A5449 /* photo-frame.png */,
				844A9CB219C19A4D000A5449 /* Avatarimagecell.h */,
				844A9CB319C19A4D000A5449 /* Avatarimagecell.m */,
				8476E7F219C17EE8002DB513 /* AvatarImagesViewController.h */,
				8476E7F319C17EE8002DB513 /* AvatarImagesViewController.m */,
			);
			name = "Avatar Download";
			sourceTree = "<group>";
		};
		84F59B5F19C2AAE9009EF252 /* Update Password */ = {
			isa = PBXGroup;
			children = (
				847635EE19C095A700F45CEF /* Passwordchange.h */,
				847635EF19C095A700F45CEF /* Passwordchange.m */,
			);
			name = "Update Password";
			sourceTree = "<group>";
		};
		84F59B6019C2AD4D009EF252 /* Button Customize */ = {
			isa = PBXGroup;
			children = (
				84F59B6119C2AD5A009EF252 /* APRoundedButton.h */,
				84F59B6219C2AD5A009EF252 /* APRoundedButton.m */,
			);
			name = "Button Customize";
			sourceTree = "<group>";
		};
		84F59B7619C2FF3F009EF252 /* MailList */ = {
			isa = PBXGroup;
			children = (
				84FC7DC019C023A80001FD7C /* MailinboxTableViewController.h */,
				84FC7DC119C023A80001FD7C /* MailinboxTableViewController.m */,
				84F59B6F19C2FC37009EF252 /* MAILinboxTableViewCell.h */,
				84F59B7019C2FC37009EF252 /* MAILinboxTableViewCell.m */,
				84F59B7819C2FFA9009EF252 /* MailDetailsViewController.h */,
				84F59B7919C2FFA9009EF252 /* MailDetailsViewController.m */,
			);
			name = MailList;
			sourceTree = "<group>";
		};
		84F59B7719C2FF56009EF252 /* ProfileUpdate */ = {
			isa = PBXGroup;
			children = (
				84FC7DBA19C021180001FD7C /* ProfileUpdateViewController.h */,
				84FC7DBB19C021180001FD7C /* ProfileUpdateViewController.m */,
			);
			name = ProfileUpdate;
			sourceTree = "<group>";
		};
		84FC7D7A19C0063D0001FD7C /* NetworkChecking */ = {
			isa = PBXGroup;
			children = (
				84FC7D7B19C0064E0001FD7C /* databaseurl.h */,
				84FC7D7C19C0064E0001FD7C /* databaseurl.m */,
				84FC7D7D19C0064E0001FD7C /* JSON.h */,
				84FC7D7E19C0064E0001FD7C /* MBProgressHUD.h */,
				84FC7D7F19C0064E0001FD7C /* MBProgressHUD.m */,
				84FC7D8019C0064E0001FD7C /* NSObject+SBJSON.h */,
				84FC7D8119C0064E0001FD7C /* NSObject+SBJSON.m */,
				84FC7D8219C0064E0001FD7C /* NSString+SBJSON.h */,
				84FC7D8319C0064E0001FD7C /* NSString+SBJSON.m */,
				84FC7D8419C0064E0001FD7C /* Reachability.h */,
				84FC7D8519C0064E0001FD7C /* Reachability.m */,
				84FC7D8619C0064E0001FD7C /* SBJSON.h */,
				84FC7D8719C0064E0001FD7C /* SBJSON.m */,
				84FC7D8819C0064E0001FD7C /* SBJsonBase.h */,
				84FC7D8919C0064E0001FD7C /* SBJsonBase.m */,
				84FC7D8A19C0064E0001FD7C /* SBJsonParser.h */,
				84FC7D8B19C0064E0001FD7C /* SBJsonParser.m */,
				84FC7D8C19C0064E0001FD7C /* SBJsonWriter.h */,
				84FC7D8D19C0064E0001FD7C /* SBJsonWriter.m */,
			);
			name = NetworkChecking;
			sourceTree = "<group>";
		};
		84FC7D9B19C018EB0001FD7C /* SidebarPackages */ = {
			isa = PBXGroup;
			children = (
				84FC7D9D19C0191B0001FD7C /* RECommonFunctions.h */,
				84FC7D9E19C0191B0001FD7C /* RECommonFunctions.m */,
				84FC7D9F19C0191B0001FD7C /* REFrostedContainerViewController.h */,
				84FC7DA019C0191B0001FD7C /* REFrostedContainerViewController.m */,
				84FC7DA119C0191B0001FD7C /* REFrostedViewController.h */,
				84FC7DA219C0191B0001FD7C /* REFrostedViewController.m */,
				84FC7DA319C0191B0001FD7C /* UIImage+REFrostedViewController.h */,
				84FC7DA419C0191B0001FD7C /* UIImage+REFrostedViewController.m */,
				84FC7DA519C0191B0001FD7C /* UIView+REFrostedViewController.h */,
				84FC7DA619C0191B0001FD7C /* UIView+REFrostedViewController.m */,
				84FC7DA719C0191B0001FD7C /* UIViewController+REFrostedViewController.h */,
				84FC7DA819C0191B0001FD7C /* UIViewController+REFrostedViewController.m */,
			);
			name = SidebarPackages;
			sourceTree = "<group>";
		};
		84FC7D9C19C018FD0001FD7C /* Dashboard */ = {
			isa = PBXGroup;
			children = (
				847635EC19C07CFC00F45CEF /* menu_icon.png */,
				84FC7DDA19C02E4A0001FD7C /* DashboardcontainerViewController.h */,
				84FC7DDB19C02E4A0001FD7C /* DashboardcontainerViewController.m */,
				84FC7DB819C01C680001FD7C /* Avatar-female.png */,
				84FC7DB219C01A550001FD7C /* DashboardContentListTableViewController.h */,
				84FC7DB319C01A550001FD7C /* DashboardContentListTableViewController.m */,
				84FC7DAF19C01A210001FD7C /* DashboardMainViewController.h */,
				84FC7DB019C01A210001FD7C /* DashboardMainViewController.m */,
				84FC7D9919C017880001FD7C /* Dashboard_iPad.storyboard */,
				84FC7D9719C017750001FD7C /* Dashboard_iPhone.storyboard */,
			);
			name = Dashboard;
			sourceTree = "<group>";
		};
		84FC7DD519C024330001FD7C /* Billing */ = {
			isa = PBXGroup;
			children = (
				84EC716519CB16A200529168 /* BillingTableViewCell.h */,
				84EC716619CB16A200529168 /* BillingTableViewCell.m */,
				84FC7DD719C02B360001FD7C /* BillingTableViewController.h */,
				84FC7DD819C02B360001FD7C /* BillingTableViewController.m */,
				84EC716819CB1ACB00529168 /* BillingDetailViewController.h */,
				84EC716919CB1ACB00529168 /* BillingDetailViewController.m */,
			);
			name = Billing;
			sourceTree = "<group>";
		};
		84FC7DD619C0244A0001FD7C /* iPad_menulist */ = {
			isa = PBXGroup;
			children = (
				847635E619C0735900F45CEF /* Myfavorites_iPadViewController.h */,
				847635E719C0735900F45CEF /* Myfavorites_iPadViewController.m */,
				847635E319C0733C00F45CEF /* Mycourses_iPadViewController.h */,
				847635E419C0733C00F45CEF /* Mycourses_iPadViewController.m */,
			);
			name = iPad_menulist;
			sourceTree = "<group>";
		};
/* End PBXGroup section */

/* Begin PBXNativeTarget section */
		0DAFCFFB19BEC75500A1E509 /* LMSMOOC */ = {
			isa = PBXNativeTarget;
			buildConfigurationList = 0DAFD03119BEC75500A1E509 /* Build configuration list for PBXNativeTarget "LMSMOOC" */;
			buildPhases = (
				0DAFCFF819BEC75500A1E509 /* Sources */,
				0DAFCFF919BEC75500A1E509 /* Frameworks */,
				0DAFCFFA19BEC75500A1E509 /* Resources */,
			);
			buildRules = (
			);
			dependencies = (
			);
			name = LMSMOOC;
			productName = LMSMOOC;
			productReference = 0DAFCFFC19BEC75500A1E509 /* LMSMOOC.app */;
			productType = "com.apple.product-type.application";
		};
		0DAFD01F19BEC75500A1E509 /* LMSMOOCTests */ = {
			isa = PBXNativeTarget;
			buildConfigurationList = 0DAFD03419BEC75500A1E509 /* Build configuration list for PBXNativeTarget "LMSMOOCTests" */;
			buildPhases = (
				0DAFD01C19BEC75500A1E509 /* Sources */,
				0DAFD01D19BEC75500A1E509 /* Frameworks */,
				0DAFD01E19BEC75500A1E509 /* Resources */,
			);
			buildRules = (
			);
			dependencies = (
				0DAFD02619BEC75500A1E509 /* PBXTargetDependency */,
			);
			name = LMSMOOCTests;
			productName = LMSMOOCTests;
			productReference = 0DAFD02019BEC75500A1E509 /* LMSMOOCTests.xctest */;
			productType = "com.apple.product-type.bundle.unit-test";
		};
/* End PBXNativeTarget section */

/* Begin PBXProject section */
		0DAFCFF419BEC75500A1E509 /* Project object */ = {
			isa = PBXProject;
			attributes = {
				CLASSPREFIX = lmsmooc;
				LastUpgradeCheck = 0510;
				ORGANIZATIONNAME = deemsys;
				TargetAttributes = {
					0DAFCFFB19BEC75500A1E509 = {
						DevelopmentTeam = 6N5EE6FZH9;
					};
					0DAFD01F19BEC75500A1E509 = {
						TestTargetID = 0DAFCFFB19BEC75500A1E509;
					};
				};
			};
			buildConfigurationList = 0DAFCFF719BEC75500A1E509 /* Build configuration list for PBXProject "LMSMOOC" */;
			compatibilityVersion = "Xcode 3.2";
			developmentRegion = English;
			hasScannedForEncodings = 0;
			knownRegions = (
				en,
				Base,
			);
			mainGroup = 0DAFCFF319BEC75500A1E509;
			productRefGroup = 0DAFCFFD19BEC75500A1E509 /* Products */;
			projectDirPath = "";
			projectRoot = "";
			targets = (
				0DAFCFFB19BEC75500A1E509 /* LMSMOOC */,
				0DAFD01F19BEC75500A1E509 /* LMSMOOCTests */,
			);
		};
/* End PBXProject section */

/* Begin PBXResourcesBuildPhase section */
		0DAFCFFA19BEC75500A1E509 /* Resources */ = {
			isa = PBXResourcesBuildPhase;
			buildActionMask = 2147483647;
			files = (
				0DFCDC3A19CAB990002D317D /* 4star.png in Resources */,
				847635DA19C03FCC00F45CEF /* ban4.png in Resources */,
				845B10A319BF2D5B00AAE3E4 /* checkBoxMarked.png in Resources */,
				0D2E930A19C42C00005C4E67 /* important.png in Resources */,
				0DFCDC3919CAB990002D317D /* 3star.png in Resources */,
				0DFCDC3119CAB1BB002D317D /* search.png in Resources */,
				845B10A119BF2D5B00AAE3E4 /* checkBox.png in Resources */,
				847635DB19C03FCC00F45CEF /* bantab1.png in Resources */,
				84FC7D9819C017750001FD7C /* Dashboard_iPhone.storyboard in Resources */,
				0DAFD01B19BEC75500A1E509 /* Images.xcassets in Resources */,
				0DFCDC3819CAB990002D317D /* 2star.png in Resources */,
				84F59B6719C2AD89009EF252 /* Main_iPhone.storyboard in Resources */,
				845B10A219BF2D5B00AAE3E4 /* checkBox@2x.png in Resources */,
				847635DD19C03FCC00F45CEF /* bantab3.png in Resources */,
				847635ED19C07CFC00F45CEF /* menu_icon.png in Resources */,
				84082A6519C834490039F4E8 /* btn_close_selected@2x.png in Resources */,
				84082A6219C834490039F4E8 /* btn_close_normal.png in Resources */,
				847635D719C03FCC00F45CEF /* ban1.png in Resources */,
				844A9CB619C1A2BB000A5449 /* placeholder.png in Resources */,
				847635DE19C03FCC00F45CEF /* bantab4.png in Resources */,
				84FC7D9A19C017880001FD7C /* Dashboard_iPad.storyboard in Resources */,
				84F59B6B19C2AE28009EF252 /* bantab5.png in Resources */,
				84082A6419C834490039F4E8 /* btn_close_selected.png in Resources */,
				845B10A419BF2D5B00AAE3E4 /* checkBoxMarked@2x.png in Resources */,
				0DFCDC3719CAB990002D317D /* 1star.png in Resources */,
				84FC7DB919C01C680001FD7C /* Avatar-female.png in Resources */,
				0D3C958E19C31C9C0065A4B4 /* bg.jpg in Resources */,
				0D2E930B19C42C00005C4E67 /* unimportant.png in Resources */,
				84082A6319C834490039F4E8 /* btn_close_normal@2x.png in Resources */,
				847635DC19C03FCC00F45CEF /* bantab2.png in Resources */,
				0DFCDC3D19CABE0F002D317D /* 0star.png in Resources */,
				0D3C959719C329C80065A4B4 /* edit.png in Resources */,
				84F59B6A19C2AE28009EF252 /* ban5.png in Resources */,
				844A9CB819C1A765000A5449 /* photo-frame.png in Resources */,
				847635D819C03FCC00F45CEF /* ban2.png in Resources */,
				847635D919C03FCC00F45CEF /* ban3.png in Resources */,
				84F59B6619C2AD89009EF252 /* Main_iPad.storyboard in Resources */,
				0DAFD00A19BEC75500A1E509 /* InfoPlist.strings in Resources */,
				840B833919BF23340065B678 /* navlogo.png in Resources */,
				0DFCDC3B19CAB990002D317D /* 5star.png in Resources */,
			);
			runOnlyForDeploymentPostprocessing = 0;
		};
		0DAFD01E19BEC75500A1E509 /* Resources */ = {
			isa = PBXResourcesBuildPhase;
			buildActionMask = 2147483647;
			files = (
				0DAFD02C19BEC75500A1E509 /* InfoPlist.strings in Resources */,
			);
			runOnlyForDeploymentPostprocessing = 0;
		};
/* End PBXResourcesBuildPhase section */

/* Begin PBXSourcesBuildPhase section */
		0DAFCFF819BEC75500A1E509 /* Sources */ = {
			isa = PBXSourcesBuildPhase;
			buildActionMask = 2147483647;
			files = (
				84EC715919CAD77000529168 /* MycoursesViewController.m in Sources */,
				84FC7DB119C01A210001FD7C /* DashboardMainViewController.m in Sources */,
				84FC7DAA19C0191B0001FD7C /* REFrostedContainerViewController.m in Sources */,
				84EC716A19CB1ACB00529168 /* BillingDetailViewController.m in Sources */,
				84FC7D9119C0064E0001FD7C /* NSString+SBJSON.m in Sources */,
				84FC7DB419C01A550001FD7C /* DashboardContentListTableViewController.m in Sources */,
				84FC7DCE19C023F30001FD7C /* MyauthorsTableViewController.m in Sources */,
				84FC7DAC19C0191B0001FD7C /* UIImage+REFrostedViewController.m in Sources */,
				84FC7DD419C0242B0001FD7C /* Courselist_iPad_ViewController.m in Sources */,
				847635E519C0733C00F45CEF /* Mycourses_iPadViewController.m in Sources */,
				84FC7DDC19C02E4A0001FD7C /* DashboardcontainerViewController.m in Sources */,
				84FC7D9619C0064E0001FD7C /* SBJsonWriter.m in Sources */,
				84E52CC019C9B7050042D07A /* CourseSearchiPadViewController.m in Sources */,
				84082A5519C802960039F4E8 /* CategorywiseDatasViewController.m in Sources */,
				0D3C959419C31EFB0065A4B4 /* NSString+FontAwesome.m in Sources */,
				840B833419BF0BC80065B678 /* SignupViewController.m in Sources */,
				0DAFD00C19BEC75500A1E509 /* main.m in Sources */,
				84FC7DAB19C0191B0001FD7C /* REFrostedViewController.m in Sources */,
				84FC7D9219C0064E0001FD7C /* Reachability.m in Sources */,
				84EC716719CB16A200529168 /* BillingTableViewCell.m in Sources */,
				84FC7D9419C0064E0001FD7C /* SBJsonBase.m in Sources */,
				84F59B7A19C2FFA9009EF252 /* MailDetailsViewController.m in Sources */,
				84CBD50019C730C500CB50D1 /* courselist_iPhoneTableViewController.m in Sources */,
				84EC715A19CAD77000529168 /* MyfavoritesViewController.m in Sources */,
				840B832319BEE58F0065B678 /* PageContentViewController.m in Sources */,
				84FC7DA919C0191B0001FD7C /* RECommonFunctions.m in Sources */,
				84FC7D8E19C0064E0001FD7C /* databaseurl.m in Sources */,
				84FC7DAE19C0191B0001FD7C /* UIViewController+REFrostedViewController.m in Sources */,
				84FC7DAD19C0191B0001FD7C /* UIView+REFrostedViewController.m in Sources */,
				844A9CB419C19A4D000A5449 /* Avatarimagecell.m in Sources */,
				847635E819C0735900F45CEF /* Myfavorites_iPadViewController.m in Sources */,
				8476E7F419C17EE8002DB513 /* AvatarImagesViewController.m in Sources */,
				84FC7D9519C0064E0001FD7C /* SBJsonParser.m in Sources */,
				84FC7D9319C0064E0001FD7C /* SBJSON.m in Sources */,
				84EC716119CAFE5F00529168 /* AuthorTableViewCell.m in Sources */,
				847635EB19C077BF00F45CEF /* CollectionCellContent.m in Sources */,
				84FC7DC219C023A80001FD7C /* MailinboxTableViewController.m in Sources */,
				84EC715D19CAF66500529168 /* MycategoriesViewController.m in Sources */,
				84EC716419CB087E00529168 /* MyauthorcoursesViewController.m in Sources */,
				84FC7D9019C0064E0001FD7C /* NSObject+SBJSON.m in Sources */,
				84E52CBD19C9B2440042D07A /* CategorywiseDatasiPadViewController.m in Sources */,
				84EC715819CAD77000529168 /* MycategoriesDetailViewController.m in Sources */,
				84F59B7119C2FC37009EF252 /* MAILinboxTableViewCell.m in Sources */,
				84E52CC319C9D0A90042D07A /* categorypopoverViewController.m in Sources */,
				84CBD4FF19C730C500CB50D1 /* CourseDesignTableViewCell.m in Sources */,
				840B832F19BF074F0065B678 /* LoginPageViewController.m in Sources */,
				0D3C959519C31EFB0065A4B4 /* UIButton+Bootstrap.m in Sources */,
				0DAFD01019BEC75500A1E509 /* lmsmoocAppDelegate.m in Sources */,
				0DAFD01919BEC75500A1E509 /* lmsmoocViewController.m in Sources */,
				84082A6619C834490039F4E8 /* DXAlertView.m in Sources */,
				84FC7DBC19C021180001FD7C /* ProfileUpdateViewController.m in Sources */,
				84F59B6319C2AD5A009EF252 /* APRoundedButton.m in Sources */,
				84082A5819C80F1E0039F4E8 /* CourseSearchViewController.m in Sources */,
				84FC7D8F19C0064E0001FD7C /* MBProgressHUD.m in Sources */,
				847635F019C095A700F45CEF /* Passwordchange.m in Sources */,
				84FC7DD919C02B360001FD7C /* BillingTableViewController.m in Sources */,
			);
			runOnlyForDeploymentPostprocessing = 0;
		};
		0DAFD01C19BEC75500A1E509 /* Sources */ = {
			isa = PBXSourcesBuildPhase;
			buildActionMask = 2147483647;
			files = (
				0DAFD02E19BEC75500A1E509 /* LMSMOOCTests.m in Sources */,
			);
			runOnlyForDeploymentPostprocessing = 0;
		};
/* End PBXSourcesBuildPhase section */

/* Begin PBXTargetDependency section */
		0DAFD02619BEC75500A1E509 /* PBXTargetDependency */ = {
			isa = PBXTargetDependency;
			target = 0DAFCFFB19BEC75500A1E509 /* LMSMOOC */;
			targetProxy = 0DAFD02519BEC75500A1E509 /* PBXContainerItemProxy */;
		};
/* End PBXTargetDependency section */

/* Begin PBXVariantGroup section */
		0DAFD00819BEC75500A1E509 /* InfoPlist.strings */ = {
			isa = PBXVariantGroup;
			children = (
				0DAFD00919BEC75500A1E509 /* en */,
			);
			name = InfoPlist.strings;
			sourceTree = "<group>";
		};
		0DAFD02A19BEC75500A1E509 /* InfoPlist.strings */ = {
			isa = PBXVariantGroup;
			children = (
				0DAFD02B19BEC75500A1E509 /* en */,
			);
			name = InfoPlist.strings;
			sourceTree = "<group>";
		};
/* End PBXVariantGroup section */

/* Begin XCBuildConfiguration section */
		0DAFD02F19BEC75500A1E509 /* Debug */ = {
			isa = XCBuildConfiguration;
			buildSettings = {
				ALWAYS_SEARCH_USER_PATHS = NO;
				CLANG_CXX_LANGUAGE_STANDARD = "gnu++0x";
				CLANG_CXX_LIBRARY = "libc++";
				CLANG_ENABLE_MODULES = YES;
				CLANG_ENABLE_OBJC_ARC = NO;
				CLANG_WARN_BOOL_CONVERSION = YES;
				CLANG_WARN_CONSTANT_CONVERSION = YES;
				CLANG_WARN_DIRECT_OBJC_ISA_USAGE = YES_ERROR;
				CLANG_WARN_EMPTY_BODY = YES;
				CLANG_WARN_ENUM_CONVERSION = YES;
				CLANG_WARN_INT_CONVERSION = YES;
				CLANG_WARN_OBJC_ROOT_CLASS = YES_ERROR;
				CLANG_WARN__DUPLICATE_METHOD_MATCH = YES;
				"CODE_SIGN_IDENTITY[sdk=iphoneos*]" = "iPhone Developer: JACOB BENJAMIN (EQSE4S4WK5)";
				COPY_PHASE_STRIP = NO;
				GCC_C_LANGUAGE_STANDARD = gnu99;
				GCC_DYNAMIC_NO_PIC = NO;
				GCC_OPTIMIZATION_LEVEL = 0;
				GCC_PREPROCESSOR_DEFINITIONS = (
					"DEBUG=1",
					"$(inherited)",
				);
				GCC_SYMBOLS_PRIVATE_EXTERN = NO;
				GCC_WARN_64_TO_32_BIT_CONVERSION = YES;
				GCC_WARN_ABOUT_RETURN_TYPE = YES_ERROR;
				GCC_WARN_UNDECLARED_SELECTOR = YES;
				GCC_WARN_UNINITIALIZED_AUTOS = YES_AGGRESSIVE;
				GCC_WARN_UNUSED_FUNCTION = YES;
				GCC_WARN_UNUSED_VARIABLE = YES;
				IPHONEOS_DEPLOYMENT_TARGET = 6.1;
				ONLY_ACTIVE_ARCH = YES;
				PROVISIONING_PROFILE = "c70b3525-c1f6-4a9d-95d0-89fed509b6f4";
				SDKROOT = iphoneos;
				TARGETED_DEVICE_FAMILY = "1,2";
			};
			name = Debug;
		};
		0DAFD03019BEC75500A1E509 /* Release */ = {
			isa = XCBuildConfiguration;
			buildSettings = {
				ALWAYS_SEARCH_USER_PATHS = NO;
				CLANG_CXX_LANGUAGE_STANDARD = "gnu++0x";
				CLANG_CXX_LIBRARY = "libc++";
				CLANG_ENABLE_MODULES = YES;
				CLANG_ENABLE_OBJC_ARC = NO;
				CLANG_WARN_BOOL_CONVERSION = YES;
				CLANG_WARN_CONSTANT_CONVERSION = YES;
				CLANG_WARN_DIRECT_OBJC_ISA_USAGE = YES_ERROR;
				CLANG_WARN_EMPTY_BODY = YES;
				CLANG_WARN_ENUM_CONVERSION = YES;
				CLANG_WARN_INT_CONVERSION = YES;
				CLANG_WARN_OBJC_ROOT_CLASS = YES_ERROR;
				CLANG_WARN__DUPLICATE_METHOD_MATCH = YES;
				"CODE_SIGN_IDENTITY[sdk=iphoneos*]" = "iPhone Developer: JACOB BENJAMIN (EQSE4S4WK5)";
				COPY_PHASE_STRIP = YES;
				ENABLE_NS_ASSERTIONS = NO;
				GCC_C_LANGUAGE_STANDARD = gnu99;
				GCC_WARN_64_TO_32_BIT_CONVERSION = YES;
				GCC_WARN_ABOUT_RETURN_TYPE = YES_ERROR;
				GCC_WARN_UNDECLARED_SELECTOR = YES;
				GCC_WARN_UNINITIALIZED_AUTOS = YES_AGGRESSIVE;
				GCC_WARN_UNUSED_FUNCTION = YES;
				GCC_WARN_UNUSED_VARIABLE = YES;
				IPHONEOS_DEPLOYMENT_TARGET = 6.1;
				PROVISIONING_PROFILE = "c70b3525-c1f6-4a9d-95d0-89fed509b6f4";
				SDKROOT = iphoneos;
				TARGETED_DEVICE_FAMILY = "1,2";
				VALIDATE_PRODUCT = YES;
			};
			name = Release;
		};
		0DAFD03219BEC75500A1E509 /* Debug */ = {
			isa = XCBuildConfiguration;
			buildSettings = {
				ASSETCATALOG_COMPILER_APPICON_NAME = AppIcon;
				ASSETCATALOG_COMPILER_LAUNCHIMAGE_NAME = LaunchImage;
				CLANG_ENABLE_OBJC_ARC = NO;
				CODE_SIGN_IDENTITY = "iPhone Developer";
				"CODE_SIGN_IDENTITY[sdk=iphoneos*]" = "iPhone Developer";
				GCC_PRECOMPILE_PREFIX_HEADER = YES;
				GCC_PREFIX_HEADER = "LMSMOOC/LMSMOOC-Prefix.pch";
				INFOPLIST_FILE = "LMSMOOC/LMSMOOC-Info.plist";
				PRODUCT_NAME = "$(TARGET_NAME)";
				PROVISIONING_PROFILE = "";
				WRAPPER_EXTENSION = app;
			};
			name = Debug;
		};
		0DAFD03319BEC75500A1E509 /* Release */ = {
			isa = XCBuildConfiguration;
			buildSettings = {
				ASSETCATALOG_COMPILER_APPICON_NAME = AppIcon;
				ASSETCATALOG_COMPILER_LAUNCHIMAGE_NAME = LaunchImage;
				CLANG_ENABLE_OBJC_ARC = NO;
				CODE_SIGN_IDENTITY = "iPhone Developer";
				"CODE_SIGN_IDENTITY[sdk=iphoneos*]" = "iPhone Developer";
				GCC_PRECOMPILE_PREFIX_HEADER = YES;
				GCC_PREFIX_HEADER = "LMSMOOC/LMSMOOC-Prefix.pch";
				INFOPLIST_FILE = "LMSMOOC/LMSMOOC-Info.plist";
				PRODUCT_NAME = "$(TARGET_NAME)";
				PROVISIONING_PROFILE = "";
				WRAPPER_EXTENSION = app;
			};
			name = Release;
		};
		0DAFD03519BEC75500A1E509 /* Debug */ = {
			isa = XCBuildConfiguration;
			buildSettings = {
				BUNDLE_LOADER = "$(BUILT_PRODUCTS_DIR)/LMSMOOC.app/LMSMOOC";
				FRAMEWORK_SEARCH_PATHS = (
					"$(SDKROOT)/Developer/Library/Frameworks",
					"$(inherited)",
					"$(DEVELOPER_FRAMEWORKS_DIR)",
				);
				GCC_PRECOMPILE_PREFIX_HEADER = YES;
				GCC_PREFIX_HEADER = "LMSMOOC/LMSMOOC-Prefix.pch";
				GCC_PREPROCESSOR_DEFINITIONS = (
					"DEBUG=1",
					"$(inherited)",
				);
				INFOPLIST_FILE = "LMSMOOCTests/LMSMOOCTests-Info.plist";
				PRODUCT_NAME = "$(TARGET_NAME)";
				TEST_HOST = "$(BUNDLE_LOADER)";
				WRAPPER_EXTENSION = xctest;
			};
			name = Debug;
		};
		0DAFD03619BEC75500A1E509 /* Release */ = {
			isa = XCBuildConfiguration;
			buildSettings = {
				BUNDLE_LOADER = "$(BUILT_PRODUCTS_DIR)/LMSMOOC.app/LMSMOOC";
				FRAMEWORK_SEARCH_PATHS = (
					"$(SDKROOT)/Developer/Library/Frameworks",
					"$(inherited)",
					"$(DEVELOPER_FRAMEWORKS_DIR)",
				);
				GCC_PRECOMPILE_PREFIX_HEADER = YES;
				GCC_PREFIX_HEADER = "LMSMOOC/LMSMOOC-Prefix.pch";
				INFOPLIST_FILE = "LMSMOOCTests/LMSMOOCTests-Info.plist";
				PRODUCT_NAME = "$(TARGET_NAME)";
				TEST_HOST = "$(BUNDLE_LOADER)";
				WRAPPER_EXTENSION = xctest;
			};
			name = Release;
		};
/* End XCBuildConfiguration section */

/* Begin XCConfigurationList section */
		0DAFCFF719BEC75500A1E509 /* Build configuration list for PBXProject "LMSMOOC" */ = {
			isa = XCConfigurationList;
			buildConfigurations = (
				0DAFD02F19BEC75500A1E509 /* Debug */,
				0DAFD03019BEC75500A1E509 /* Release */,
			);
			defaultConfigurationIsVisible = 0;
			defaultConfigurationName = Release;
		};
		0DAFD03119BEC75500A1E509 /* Build configuration list for PBXNativeTarget "LMSMOOC" */ = {
			isa = XCConfigurationList;
			buildConfigurations = (
				0DAFD03219BEC75500A1E509 /* Debug */,
				0DAFD03319BEC75500A1E509 /* Release */,
			);
			defaultConfigurationIsVisible = 0;
			defaultConfigurationName = Release;
		};
		0DAFD03419BEC75500A1E509 /* Build configuration list for PBXNativeTarget "LMSMOOCTests" */ = {
			isa = XCConfigurationList;
			buildConfigurations = (
				0DAFD03519BEC75500A1E509 /* Debug */,
				0DAFD03619BEC75500A1E509 /* Release */,
			);
			defaultConfigurationIsVisible = 0;
			defaultConfigurationName = Release;
		};
/* End XCConfigurationList section */
	};
	rootObject = 0DAFCFF419BEC75500A1E509 /* Project object */;
}
