// !$*UTF8*$!
{
	archiveVersion = 1;
	classes = {
	};
	objectVersion = 46;
	objects = {

/* Begin PBXBuildFile section */
		0DAFD00019BEC75500A1E509 /* Foundation.framework in Frameworks */ = {isa = PBXBuildFile; fileRef = 0DAFCFFF19BEC75500A1E509 /* Foundation.framework */; };
		0DAFD00219BEC75500A1E509 /* CoreGraphics.framework in Frameworks */ = {isa = PBXBuildFile; fileRef = 0DAFD00119BEC75500A1E509 /* CoreGraphics.framework */; };
		0DAFD00419BEC75500A1E509 /* UIKit.framework in Frameworks */ = {isa = PBXBuildFile; fileRef = 0DAFD00319BEC75500A1E509 /* UIKit.framework */; };
		0DAFD00A19BEC75500A1E509 /* InfoPlist.strings in Resources */ = {isa = PBXBuildFile; fileRef = 0DAFD00819BEC75500A1E509 /* InfoPlist.strings */; };
		0DAFD00C19BEC75500A1E509 /* main.m in Sources */ = {isa = PBXBuildFile; fileRef = 0DAFD00B19BEC75500A1E509 /* main.m */; };
		0DAFD01019BEC75500A1E509 /* lmsmoocAppDelegate.m in Sources */ = {isa = PBXBuildFile; fileRef = 0DAFD00F19BEC75500A1E509 /* lmsmoocAppDelegate.m */; };
		0DAFD01319BEC75500A1E509 /* Main_iPhone.storyboard in Resources */ = {isa = PBXBuildFile; fileRef = 0DAFD01119BEC75500A1E509 /* Main_iPhone.storyboard */; };
		0DAFD01619BEC75500A1E509 /* Main_iPad.storyboard in Resources */ = {isa = PBXBuildFile; fileRef = 0DAFD01419BEC75500A1E509 /* Main_iPad.storyboard */; };
		0DAFD01919BEC75500A1E509 /* lmsmoocViewController.m in Sources */ = {isa = PBXBuildFile; fileRef = 0DAFD01819BEC75500A1E509 /* lmsmoocViewController.m */; };
		0DAFD01B19BEC75500A1E509 /* Images.xcassets in Resources */ = {isa = PBXBuildFile; fileRef = 0DAFD01A19BEC75500A1E509 /* Images.xcassets */; };
		0DAFD02219BEC75500A1E509 /* XCTest.framework in Frameworks */ = {isa = PBXBuildFile; fileRef = 0DAFD02119BEC75500A1E509 /* XCTest.framework */; };
		0DAFD02319BEC75500A1E509 /* Foundation.framework in Frameworks */ = {isa = PBXBuildFile; fileRef = 0DAFCFFF19BEC75500A1E509 /* Foundation.framework */; };
		0DAFD02419BEC75500A1E509 /* UIKit.framework in Frameworks */ = {isa = PBXBuildFile; fileRef = 0DAFD00319BEC75500A1E509 /* UIKit.framework */; };
		0DAFD02C19BEC75500A1E509 /* InfoPlist.strings in Resources */ = {isa = PBXBuildFile; fileRef = 0DAFD02A19BEC75500A1E509 /* InfoPlist.strings */; };
		0DAFD02E19BEC75500A1E509 /* LMSMOOCTests.m in Sources */ = {isa = PBXBuildFile; fileRef = 0DAFD02D19BEC75500A1E509 /* LMSMOOCTests.m */; };
		840B832319BEE58F0065B678 /* PageContentViewController.m in Sources */ = {isa = PBXBuildFile; fileRef = 840B832219BEE58F0065B678 /* PageContentViewController.m */; };
		840B832F19BF074F0065B678 /* LoginPageViewController.m in Sources */ = {isa = PBXBuildFile; fileRef = 840B832E19BF074F0065B678 /* LoginPageViewController.m */; };
		840B833419BF0BC80065B678 /* SignupViewController.m in Sources */ = {isa = PBXBuildFile; fileRef = 840B833319BF0BC80065B678 /* SignupViewController.m */; };
		840B833919BF23340065B678 /* navlogo.png in Resources */ = {isa = PBXBuildFile; fileRef = 840B833819BF23340065B678 /* navlogo.png */; };
		8433FF3519BF2BA20029C24F /* page1.jpg in Resources */ = {isa = PBXBuildFile; fileRef = 8433FF3119BF2BA20029C24F /* page1.jpg */; };
		8433FF3619BF2BA20029C24F /* page2.jpg in Resources */ = {isa = PBXBuildFile; fileRef = 8433FF3219BF2BA20029C24F /* page2.jpg */; };
		8433FF3719BF2BA20029C24F /* page3.png in Resources */ = {isa = PBXBuildFile; fileRef = 8433FF3319BF2BA20029C24F /* page3.png */; };
		8433FF3819BF2BA20029C24F /* page4.jpg in Resources */ = {isa = PBXBuildFile; fileRef = 8433FF3419BF2BA20029C24F /* page4.jpg */; };
		845B10A119BF2D5B00AAE3E4 /* checkBox.png in Resources */ = {isa = PBXBuildFile; fileRef = 845B109D19BF2D5B00AAE3E4 /* checkBox.png */; };
		845B10A219BF2D5B00AAE3E4 /* checkBox@2x.png in Resources */ = {isa = PBXBuildFile; fileRef = 845B109E19BF2D5B00AAE3E4 /* checkBox@2x.png */; };
		845B10A319BF2D5B00AAE3E4 /* checkBoxMarked.png in Resources */ = {isa = PBXBuildFile; fileRef = 845B109F19BF2D5B00AAE3E4 /* checkBoxMarked.png */; };
		845B10A419BF2D5B00AAE3E4 /* checkBoxMarked@2x.png in Resources */ = {isa = PBXBuildFile; fileRef = 845B10A019BF2D5B00AAE3E4 /* checkBoxMarked@2x.png */; };
/* End PBXBuildFile section */

/* Begin PBXContainerItemProxy section */
		0DAFD02519BEC75500A1E509 /* PBXContainerItemProxy */ = {
			isa = PBXContainerItemProxy;
			containerPortal = 0DAFCFF419BEC75500A1E509 /* Project object */;
			proxyType = 1;
			remoteGlobalIDString = 0DAFCFFB19BEC75500A1E509;
			remoteInfo = LMSMOOC;
		};
/* End PBXContainerItemProxy section */

/* Begin PBXFileReference section */
		0DAFCFFC19BEC75500A1E509 /* LMSMOOC.app */ = {isa = PBXFileReference; explicitFileType = wrapper.application; includeInIndex = 0; path = LMSMOOC.app; sourceTree = BUILT_PRODUCTS_DIR; };
		0DAFCFFF19BEC75500A1E509 /* Foundation.framework */ = {isa = PBXFileReference; lastKnownFileType = wrapper.framework; name = Foundation.framework; path = System/Library/Frameworks/Foundation.framework; sourceTree = SDKROOT; };
		0DAFD00119BEC75500A1E509 /* CoreGraphics.framework */ = {isa = PBXFileReference; lastKnownFileType = wrapper.framework; name = CoreGraphics.framework; path = System/Library/Frameworks/CoreGraphics.framework; sourceTree = SDKROOT; };
		0DAFD00319BEC75500A1E509 /* UIKit.framework */ = {isa = PBXFileReference; lastKnownFileType = wrapper.framework; name = UIKit.framework; path = System/Library/Frameworks/UIKit.framework; sourceTree = SDKROOT; };
		0DAFD00719BEC75500A1E509 /* LMSMOOC-Info.plist */ = {isa = PBXFileReference; lastKnownFileType = text.plist.xml; path = "LMSMOOC-Info.plist"; sourceTree = "<group>"; };
		0DAFD00919BEC75500A1E509 /* en */ = {isa = PBXFileReference; lastKnownFileType = text.plist.strings; name = en; path = en.lproj/InfoPlist.strings; sourceTree = "<group>"; };
		0DAFD00B19BEC75500A1E509 /* main.m */ = {isa = PBXFileReference; lastKnownFileType = sourcecode.c.objc; path = main.m; sourceTree = "<group>"; };
		0DAFD00D19BEC75500A1E509 /* LMSMOOC-Prefix.pch */ = {isa = PBXFileReference; lastKnownFileType = sourcecode.c.h; path = "LMSMOOC-Prefix.pch"; sourceTree = "<group>"; };
		0DAFD00E19BEC75500A1E509 /* lmsmoocAppDelegate.h */ = {isa = PBXFileReference; lastKnownFileType = sourcecode.c.h; path = lmsmoocAppDelegate.h; sourceTree = "<group>"; };
		0DAFD00F19BEC75500A1E509 /* lmsmoocAppDelegate.m */ = {isa = PBXFileReference; lastKnownFileType = sourcecode.c.objc; path = lmsmoocAppDelegate.m; sourceTree = "<group>"; };
		0DAFD01219BEC75500A1E509 /* Base */ = {isa = PBXFileReference; lastKnownFileType = file.storyboard; name = Base; path = Base.lproj/Main_iPhone.storyboard; sourceTree = "<group>"; };
		0DAFD01519BEC75500A1E509 /* Base */ = {isa = PBXFileReference; lastKnownFileType = file.storyboard; name = Base; path = Base.lproj/Main_iPad.storyboard; sourceTree = "<group>"; };
		0DAFD01719BEC75500A1E509 /* lmsmoocViewController.h */ = {isa = PBXFileReference; lastKnownFileType = sourcecode.c.h; path = lmsmoocViewController.h; sourceTree = "<group>"; };
		0DAFD01819BEC75500A1E509 /* lmsmoocViewController.m */ = {isa = PBXFileReference; lastKnownFileType = sourcecode.c.objc; path = lmsmoocViewController.m; sourceTree = "<group>"; };
		0DAFD01A19BEC75500A1E509 /* Images.xcassets */ = {isa = PBXFileReference; lastKnownFileType = folder.assetcatalog; path = Images.xcassets; sourceTree = "<group>"; };
		0DAFD02019BEC75500A1E509 /* LMSMOOCTests.xctest */ = {isa = PBXFileReference; explicitFileType = wrapper.cfbundle; includeInIndex = 0; path = LMSMOOCTests.xctest; sourceTree = BUILT_PRODUCTS_DIR; };
		0DAFD02119BEC75500A1E509 /* XCTest.framework */ = {isa = PBXFileReference; lastKnownFileType = wrapper.framework; name = XCTest.framework; path = Library/Frameworks/XCTest.framework; sourceTree = DEVELOPER_DIR; };
		0DAFD02919BEC75500A1E509 /* LMSMOOCTests-Info.plist */ = {isa = PBXFileReference; lastKnownFileType = text.plist.xml; path = "LMSMOOCTests-Info.plist"; sourceTree = "<group>"; };
		0DAFD02B19BEC75500A1E509 /* en */ = {isa = PBXFileReference; lastKnownFileType = text.plist.strings; name = en; path = en.lproj/InfoPlist.strings; sourceTree = "<group>"; };
		0DAFD02D19BEC75500A1E509 /* LMSMOOCTests.m */ = {isa = PBXFileReference; lastKnownFileType = sourcecode.c.objc; path = LMSMOOCTests.m; sourceTree = "<group>"; };
		840B832119BEE58F0065B678 /* PageContentViewController.h */ = {isa = PBXFileReference; fileEncoding = 4; lastKnownFileType = sourcecode.c.h; path = PageContentViewController.h; sourceTree = "<group>"; };
		840B832219BEE58F0065B678 /* PageContentViewController.m */ = {isa = PBXFileReference; fileEncoding = 4; lastKnownFileType = sourcecode.c.objc; path = PageContentViewController.m; sourceTree = "<group>"; };
		840B832D19BF074F0065B678 /* LoginPageViewController.h */ = {isa = PBXFileReference; fileEncoding = 4; lastKnownFileType = sourcecode.c.h; path = LoginPageViewController.h; sourceTree = "<group>"; };
		840B832E19BF074F0065B678 /* LoginPageViewController.m */ = {isa = PBXFileReference; fileEncoding = 4; lastKnownFileType = sourcecode.c.objc; path = LoginPageViewController.m; sourceTree = "<group>"; };
		840B833219BF0BC80065B678 /* SignupViewController.h */ = {isa = PBXFileReference; fileEncoding = 4; lastKnownFileType = sourcecode.c.h; path = SignupViewController.h; sourceTree = "<group>"; };
		840B833319BF0BC80065B678 /* SignupViewController.m */ = {isa = PBXFileReference; fileEncoding = 4; lastKnownFileType = sourcecode.c.objc; path = SignupViewController.m; sourceTree = "<group>"; };
		840B833819BF23340065B678 /* navlogo.png */ = {isa = PBXFileReference; lastKnownFileType = image.png; name = navlogo.png; path = LMSMOOC/navlogo.png; sourceTree = "<group>"; };
		8433FF3119BF2BA20029C24F /* page1.jpg */ = {isa = PBXFileReference; lastKnownFileType = image.jpeg; path = page1.jpg; sourceTree = "<group>"; };
		8433FF3219BF2BA20029C24F /* page2.jpg */ = {isa = PBXFileReference; lastKnownFileType = image.jpeg; path = page2.jpg; sourceTree = "<group>"; };
		8433FF3319BF2BA20029C24F /* page3.png */ = {isa = PBXFileReference; lastKnownFileType = image.png; path = page3.png; sourceTree = "<group>"; };
		8433FF3419BF2BA20029C24F /* page4.jpg */ = {isa = PBXFileReference; lastKnownFileType = image.jpeg; path = page4.jpg; sourceTree = "<group>"; };
		845B109D19BF2D5B00AAE3E4 /* checkBox.png */ = {isa = PBXFileReference; lastKnownFileType = image.png; name = checkBox.png; path = LMSMOOC/checkBox.png; sourceTree = "<group>"; };
		845B109E19BF2D5B00AAE3E4 /* checkBox@2x.png */ = {isa = PBXFileReference; lastKnownFileType = image.png; name = "checkBox@2x.png"; path = "LMSMOOC/checkBox@2x.png"; sourceTree = "<group>"; };
		845B109F19BF2D5B00AAE3E4 /* checkBoxMarked.png */ = {isa = PBXFileReference; lastKnownFileType = image.png; name = checkBoxMarked.png; path = LMSMOOC/checkBoxMarked.png; sourceTree = "<group>"; };
		845B10A019BF2D5B00AAE3E4 /* checkBoxMarked@2x.png */ = {isa = PBXFileReference; lastKnownFileType = image.png; name = "checkBoxMarked@2x.png"; path = "LMSMOOC/checkBoxMarked@2x.png"; sourceTree = "<group>"; };
/* End PBXFileReference section */

/* Begin PBXFrameworksBuildPhase section */
		0DAFCFF919BEC75500A1E509 /* Frameworks */ = {
			isa = PBXFrameworksBuildPhase;
			buildActionMask = 2147483647;
			files = (
				0DAFD00219BEC75500A1E509 /* CoreGraphics.framework in Frameworks */,
				0DAFD00419BEC75500A1E509 /* UIKit.framework in Frameworks */,
				0DAFD00019BEC75500A1E509 /* Foundation.framework in Frameworks */,
			);
			runOnlyForDeploymentPostprocessing = 0;
		};
		0DAFD01D19BEC75500A1E509 /* Frameworks */ = {
			isa = PBXFrameworksBuildPhase;
			buildActionMask = 2147483647;
			files = (
				0DAFD02219BEC75500A1E509 /* XCTest.framework in Frameworks */,
				0DAFD02419BEC75500A1E509 /* UIKit.framework in Frameworks */,
				0DAFD02319BEC75500A1E509 /* Foundation.framework in Frameworks */,
			);
			runOnlyForDeploymentPostprocessing = 0;
		};
/* End PBXFrameworksBuildPhase section */

/* Begin PBXGroup section */
		0DAFCFF319BEC75500A1E509 = {
			isa = PBXGroup;
			children = (
				845B10A519BF2D5E00AAE3E4 /* Images */,
				840B833119BF0BB60065B678 /* Signup */,
				840B833019BF07C80065B678 /* Login */,
				840B832419BEE5950065B678 /* PageContent */,
				0DAFD00519BEC75500A1E509 /* LMSMOOC */,
				0DAFD02719BEC75500A1E509 /* LMSMOOCTests */,
				0DAFCFFE19BEC75500A1E509 /* Frameworks */,
				0DAFCFFD19BEC75500A1E509 /* Products */,
			);
			sourceTree = "<group>";
		};
		0DAFCFFD19BEC75500A1E509 /* Products */ = {
			isa = PBXGroup;
			children = (
				0DAFCFFC19BEC75500A1E509 /* LMSMOOC.app */,
				0DAFD02019BEC75500A1E509 /* LMSMOOCTests.xctest */,
			);
			name = Products;
			sourceTree = "<group>";
		};
		0DAFCFFE19BEC75500A1E509 /* Frameworks */ = {
			isa = PBXGroup;
			children = (
				0DAFCFFF19BEC75500A1E509 /* Foundation.framework */,
				0DAFD00119BEC75500A1E509 /* CoreGraphics.framework */,
				0DAFD00319BEC75500A1E509 /* UIKit.framework */,
				0DAFD02119BEC75500A1E509 /* XCTest.framework */,
			);
			name = Frameworks;
			sourceTree = "<group>";
		};
		0DAFD00519BEC75500A1E509 /* LMSMOOC */ = {
			isa = PBXGroup;
			children = (
				0DAFD00E19BEC75500A1E509 /* lmsmoocAppDelegate.h */,
				0DAFD00F19BEC75500A1E509 /* lmsmoocAppDelegate.m */,
				0DAFD01119BEC75500A1E509 /* Main_iPhone.storyboard */,
				0DAFD01419BEC75500A1E509 /* Main_iPad.storyboard */,
				0DAFD01719BEC75500A1E509 /* lmsmoocViewController.h */,
				0DAFD01819BEC75500A1E509 /* lmsmoocViewController.m */,
				0DAFD01A19BEC75500A1E509 /* Images.xcassets */,
				0DAFD00619BEC75500A1E509 /* Supporting Files */,
			);
			path = LMSMOOC;
			sourceTree = "<group>";
		};
		0DAFD00619BEC75500A1E509 /* Supporting Files */ = {
			isa = PBXGroup;
			children = (
				0DAFD00719BEC75500A1E509 /* LMSMOOC-Info.plist */,
				0DAFD00819BEC75500A1E509 /* InfoPlist.strings */,
				0DAFD00B19BEC75500A1E509 /* main.m */,
				0DAFD00D19BEC75500A1E509 /* LMSMOOC-Prefix.pch */,
			);
			name = "Supporting Files";
			sourceTree = "<group>";
		};
		0DAFD02719BEC75500A1E509 /* LMSMOOCTests */ = {
			isa = PBXGroup;
			children = (
				0DAFD02D19BEC75500A1E509 /* LMSMOOCTests.m */,
				0DAFD02819BEC75500A1E509 /* Supporting Files */,
			);
			path = LMSMOOCTests;
			sourceTree = "<group>";
		};
		0DAFD02819BEC75500A1E509 /* Supporting Files */ = {
			isa = PBXGroup;
			children = (
				0DAFD02919BEC75500A1E509 /* LMSMOOCTests-Info.plist */,
				0DAFD02A19BEC75500A1E509 /* InfoPlist.strings */,
			);
			name = "Supporting Files";
			sourceTree = "<group>";
		};
		840B832419BEE5950065B678 /* PageContent */ = {
			isa = PBXGroup;
			children = (
				8433FF3119BF2BA20029C24F /* page1.jpg */,
				8433FF3219BF2BA20029C24F /* page2.jpg */,
				8433FF3319BF2BA20029C24F /* page3.png */,
				8433FF3419BF2BA20029C24F /* page4.jpg */,
				840B832119BEE58F0065B678 /* PageContentViewController.h */,
				840B832219BEE58F0065B678 /* PageContentViewController.m */,
			);
			name = PageContent;
			sourceTree = "<group>";
		};
		840B833019BF07C80065B678 /* Login */ = {
			isa = PBXGroup;
			children = (
				840B832D19BF074F0065B678 /* LoginPageViewController.h */,
				840B832E19BF074F0065B678 /* LoginPageViewController.m */,
			);
			name = Login;
			sourceTree = "<group>";
		};
		840B833119BF0BB60065B678 /* Signup */ = {
			isa = PBXGroup;
			children = (
				840B833219BF0BC80065B678 /* SignupViewController.h */,
				840B833319BF0BC80065B678 /* SignupViewController.m */,
			);
			name = Signup;
			sourceTree = "<group>";
		};
		845B10A519BF2D5E00AAE3E4 /* Images */ = {
			isa = PBXGroup;
			children = (
				845B109D19BF2D5B00AAE3E4 /* checkBox.png */,
				845B109E19BF2D5B00AAE3E4 /* checkBox@2x.png */,
				845B109F19BF2D5B00AAE3E4 /* checkBoxMarked.png */,
				845B10A019BF2D5B00AAE3E4 /* checkBoxMarked@2x.png */,
				840B833819BF23340065B678 /* navlogo.png */,
			);
			name = Images;
			sourceTree = "<group>";
		};
/* End PBXGroup section */

/* Begin PBXNativeTarget section */
		0DAFCFFB19BEC75500A1E509 /* LMSMOOC */ = {
			isa = PBXNativeTarget;
			buildConfigurationList = 0DAFD03119BEC75500A1E509 /* Build configuration list for PBXNativeTarget "LMSMOOC" */;
			buildPhases = (
				0DAFCFF819BEC75500A1E509 /* Sources */,
				0DAFCFF919BEC75500A1E509 /* Frameworks */,
				0DAFCFFA19BEC75500A1E509 /* Resources */,
			);
			buildRules = (
			);
			dependencies = (
			);
			name = LMSMOOC;
			productName = LMSMOOC;
			productReference = 0DAFCFFC19BEC75500A1E509 /* LMSMOOC.app */;
			productType = "com.apple.product-type.application";
		};
		0DAFD01F19BEC75500A1E509 /* LMSMOOCTests */ = {
			isa = PBXNativeTarget;
			buildConfigurationList = 0DAFD03419BEC75500A1E509 /* Build configuration list for PBXNativeTarget "LMSMOOCTests" */;
			buildPhases = (
				0DAFD01C19BEC75500A1E509 /* Sources */,
				0DAFD01D19BEC75500A1E509 /* Frameworks */,
				0DAFD01E19BEC75500A1E509 /* Resources */,
			);
			buildRules = (
			);
			dependencies = (
				0DAFD02619BEC75500A1E509 /* PBXTargetDependency */,
			);
			name = LMSMOOCTests;
			productName = LMSMOOCTests;
			productReference = 0DAFD02019BEC75500A1E509 /* LMSMOOCTests.xctest */;
			productType = "com.apple.product-type.bundle.unit-test";
		};
/* End PBXNativeTarget section */

/* Begin PBXProject section */
		0DAFCFF419BEC75500A1E509 /* Project object */ = {
			isa = PBXProject;
			attributes = {
				CLASSPREFIX = lmsmooc;
				LastUpgradeCheck = 0510;
				ORGANIZATIONNAME = deemsys;
				TargetAttributes = {
					0DAFCFFB19BEC75500A1E509 = {
						DevelopmentTeam = 6N5EE6FZH9;
					};
					0DAFD01F19BEC75500A1E509 = {
						TestTargetID = 0DAFCFFB19BEC75500A1E509;
					};
				};
			};
			buildConfigurationList = 0DAFCFF719BEC75500A1E509 /* Build configuration list for PBXProject "LMSMOOC" */;
			compatibilityVersion = "Xcode 3.2";
			developmentRegion = English;
			hasScannedForEncodings = 0;
			knownRegions = (
				en,
				Base,
			);
			mainGroup = 0DAFCFF319BEC75500A1E509;
			productRefGroup = 0DAFCFFD19BEC75500A1E509 /* Products */;
			projectDirPath = "";
			projectRoot = "";
			targets = (
				0DAFCFFB19BEC75500A1E509 /* LMSMOOC */,
				0DAFD01F19BEC75500A1E509 /* LMSMOOCTests */,
			);
		};
/* End PBXProject section */

/* Begin PBXResourcesBuildPhase section */
		0DAFCFFA19BEC75500A1E509 /* Resources */ = {
			isa = PBXResourcesBuildPhase;
			buildActionMask = 2147483647;
			files = (
				845B10A319BF2D5B00AAE3E4 /* checkBoxMarked.png in Resources */,
				845B10A119BF2D5B00AAE3E4 /* checkBox.png in Resources */,
				0DAFD01619BEC75500A1E509 /* Main_iPad.storyboard in Resources */,
				0DAFD01B19BEC75500A1E509 /* Images.xcassets in Resources */,
				845B10A219BF2D5B00AAE3E4 /* checkBox@2x.png in Resources */,
				8433FF3619BF2BA20029C24F /* page2.jpg in Resources */,
				8433FF3519BF2BA20029C24F /* page1.jpg in Resources */,
				845B10A419BF2D5B00AAE3E4 /* checkBoxMarked@2x.png in Resources */,
				8433FF3719BF2BA20029C24F /* page3.png in Resources */,
				8433FF3819BF2BA20029C24F /* page4.jpg in Resources */,
				0DAFD01319BEC75500A1E509 /* Main_iPhone.storyboard in Resources */,
				0DAFD00A19BEC75500A1E509 /* InfoPlist.strings in Resources */,
				840B833919BF23340065B678 /* navlogo.png in Resources */,
			);
			runOnlyForDeploymentPostprocessing = 0;
		};
		0DAFD01E19BEC75500A1E509 /* Resources */ = {
			isa = PBXResourcesBuildPhase;
			buildActionMask = 2147483647;
			files = (
				0DAFD02C19BEC75500A1E509 /* InfoPlist.strings in Resources */,
			);
			runOnlyForDeploymentPostprocessing = 0;
		};
/* End PBXResourcesBuildPhase section */

/* Begin PBXSourcesBuildPhase section */
		0DAFCFF819BEC75500A1E509 /* Sources */ = {
			isa = PBXSourcesBuildPhase;
			buildActionMask = 2147483647;
			files = (
				840B833419BF0BC80065B678 /* SignupViewController.m in Sources */,
				0DAFD00C19BEC75500A1E509 /* main.m in Sources */,
				840B832319BEE58F0065B678 /* PageContentViewController.m in Sources */,
				840B832F19BF074F0065B678 /* LoginPageViewController.m in Sources */,
				0DAFD01019BEC75500A1E509 /* lmsmoocAppDelegate.m in Sources */,
				0DAFD01919BEC75500A1E509 /* lmsmoocViewController.m in Sources */,
			);
			runOnlyForDeploymentPostprocessing = 0;
		};
		0DAFD01C19BEC75500A1E509 /* Sources */ = {
			isa = PBXSourcesBuildPhase;
			buildActionMask = 2147483647;
			files = (
				0DAFD02E19BEC75500A1E509 /* LMSMOOCTests.m in Sources */,
			);
			runOnlyForDeploymentPostprocessing = 0;
		};
/* End PBXSourcesBuildPhase section */

/* Begin PBXTargetDependency section */
		0DAFD02619BEC75500A1E509 /* PBXTargetDependency */ = {
			isa = PBXTargetDependency;
			target = 0DAFCFFB19BEC75500A1E509 /* LMSMOOC */;
			targetProxy = 0DAFD02519BEC75500A1E509 /* PBXContainerItemProxy */;
		};
/* End PBXTargetDependency section */

/* Begin PBXVariantGroup section */
		0DAFD00819BEC75500A1E509 /* InfoPlist.strings */ = {
			isa = PBXVariantGroup;
			children = (
				0DAFD00919BEC75500A1E509 /* en */,
			);
			name = InfoPlist.strings;
			sourceTree = "<group>";
		};
		0DAFD01119BEC75500A1E509 /* Main_iPhone.storyboard */ = {
			isa = PBXVariantGroup;
			children = (
				0DAFD01219BEC75500A1E509 /* Base */,
			);
			name = Main_iPhone.storyboard;
			sourceTree = "<group>";
		};
		0DAFD01419BEC75500A1E509 /* Main_iPad.storyboard */ = {
			isa = PBXVariantGroup;
			children = (
				0DAFD01519BEC75500A1E509 /* Base */,
			);
			name = Main_iPad.storyboard;
			sourceTree = "<group>";
		};
		0DAFD02A19BEC75500A1E509 /* InfoPlist.strings */ = {
			isa = PBXVariantGroup;
			children = (
				0DAFD02B19BEC75500A1E509 /* en */,
			);
			name = InfoPlist.strings;
			sourceTree = "<group>";
		};
/* End PBXVariantGroup section */

/* Begin XCBuildConfiguration section */
		0DAFD02F19BEC75500A1E509 /* Debug */ = {
			isa = XCBuildConfiguration;
			buildSettings = {
				ALWAYS_SEARCH_USER_PATHS = NO;
				CLANG_CXX_LANGUAGE_STANDARD = "gnu++0x";
				CLANG_CXX_LIBRARY = "libc++";
				CLANG_ENABLE_MODULES = YES;
				CLANG_ENABLE_OBJC_ARC = YES;
				CLANG_WARN_BOOL_CONVERSION = YES;
				CLANG_WARN_CONSTANT_CONVERSION = YES;
				CLANG_WARN_DIRECT_OBJC_ISA_USAGE = YES_ERROR;
				CLANG_WARN_EMPTY_BODY = YES;
				CLANG_WARN_ENUM_CONVERSION = YES;
				CLANG_WARN_INT_CONVERSION = YES;
				CLANG_WARN_OBJC_ROOT_CLASS = YES_ERROR;
				CLANG_WARN__DUPLICATE_METHOD_MATCH = YES;
				"CODE_SIGN_IDENTITY[sdk=iphoneos*]" = "iPhone Developer: JACOB BENJAMIN (EQSE4S4WK5)";
				COPY_PHASE_STRIP = NO;
				GCC_C_LANGUAGE_STANDARD = gnu99;
				GCC_DYNAMIC_NO_PIC = NO;
				GCC_OPTIMIZATION_LEVEL = 0;
				GCC_PREPROCESSOR_DEFINITIONS = (
					"DEBUG=1",
					"$(inherited)",
				);
				GCC_SYMBOLS_PRIVATE_EXTERN = NO;
				GCC_WARN_64_TO_32_BIT_CONVERSION = YES;
				GCC_WARN_ABOUT_RETURN_TYPE = YES_ERROR;
				GCC_WARN_UNDECLARED_SELECTOR = YES;
				GCC_WARN_UNINITIALIZED_AUTOS = YES_AGGRESSIVE;
				GCC_WARN_UNUSED_FUNCTION = YES;
				GCC_WARN_UNUSED_VARIABLE = YES;
				IPHONEOS_DEPLOYMENT_TARGET = 6.1;
				ONLY_ACTIVE_ARCH = YES;
				PROVISIONING_PROFILE = "c70b3525-c1f6-4a9d-95d0-89fed509b6f4";
				SDKROOT = iphoneos;
				TARGETED_DEVICE_FAMILY = "1,2";
			};
			name = Debug;
		};
		0DAFD03019BEC75500A1E509 /* Release */ = {
			isa = XCBuildConfiguration;
			buildSettings = {
				ALWAYS_SEARCH_USER_PATHS = NO;
				CLANG_CXX_LANGUAGE_STANDARD = "gnu++0x";
				CLANG_CXX_LIBRARY = "libc++";
				CLANG_ENABLE_MODULES = YES;
				CLANG_ENABLE_OBJC_ARC = YES;
				CLANG_WARN_BOOL_CONVERSION = YES;
				CLANG_WARN_CONSTANT_CONVERSION = YES;
				CLANG_WARN_DIRECT_OBJC_ISA_USAGE = YES_ERROR;
				CLANG_WARN_EMPTY_BODY = YES;
				CLANG_WARN_ENUM_CONVERSION = YES;
				CLANG_WARN_INT_CONVERSION = YES;
				CLANG_WARN_OBJC_ROOT_CLASS = YES_ERROR;
				CLANG_WARN__DUPLICATE_METHOD_MATCH = YES;
				"CODE_SIGN_IDENTITY[sdk=iphoneos*]" = "iPhone Developer: JACOB BENJAMIN (EQSE4S4WK5)";
				COPY_PHASE_STRIP = YES;
				ENABLE_NS_ASSERTIONS = NO;
				GCC_C_LANGUAGE_STANDARD = gnu99;
				GCC_WARN_64_TO_32_BIT_CONVERSION = YES;
				GCC_WARN_ABOUT_RETURN_TYPE = YES_ERROR;
				GCC_WARN_UNDECLARED_SELECTOR = YES;
				GCC_WARN_UNINITIALIZED_AUTOS = YES_AGGRESSIVE;
				GCC_WARN_UNUSED_FUNCTION = YES;
				GCC_WARN_UNUSED_VARIABLE = YES;
				IPHONEOS_DEPLOYMENT_TARGET = 6.1;
				PROVISIONING_PROFILE = "c70b3525-c1f6-4a9d-95d0-89fed509b6f4";
				SDKROOT = iphoneos;
				TARGETED_DEVICE_FAMILY = "1,2";
				VALIDATE_PRODUCT = YES;
			};
			name = Release;
		};
		0DAFD03219BEC75500A1E509 /* Debug */ = {
			isa = XCBuildConfiguration;
			buildSettings = {
				ASSETCATALOG_COMPILER_APPICON_NAME = AppIcon;
				ASSETCATALOG_COMPILER_LAUNCHIMAGE_NAME = LaunchImage;
				CODE_SIGN_IDENTITY = "iPhone Developer: JACOB BENJAMIN (EQSE4S4WK5)";
				GCC_PRECOMPILE_PREFIX_HEADER = YES;
				GCC_PREFIX_HEADER = "LMSMOOC/LMSMOOC-Prefix.pch";
				INFOPLIST_FILE = "LMSMOOC/LMSMOOC-Info.plist";
				PRODUCT_NAME = "$(TARGET_NAME)";
				PROVISIONING_PROFILE = "c70b3525-c1f6-4a9d-95d0-89fed509b6f4";
				WRAPPER_EXTENSION = app;
			};
			name = Debug;
		};
		0DAFD03319BEC75500A1E509 /* Release */ = {
			isa = XCBuildConfiguration;
			buildSettings = {
				ASSETCATALOG_COMPILER_APPICON_NAME = AppIcon;
				ASSETCATALOG_COMPILER_LAUNCHIMAGE_NAME = LaunchImage;
				CODE_SIGN_IDENTITY = "iPhone Developer: JACOB BENJAMIN (EQSE4S4WK5)";
				GCC_PRECOMPILE_PREFIX_HEADER = YES;
				GCC_PREFIX_HEADER = "LMSMOOC/LMSMOOC-Prefix.pch";
				INFOPLIST_FILE = "LMSMOOC/LMSMOOC-Info.plist";
				PRODUCT_NAME = "$(TARGET_NAME)";
				PROVISIONING_PROFILE = "c70b3525-c1f6-4a9d-95d0-89fed509b6f4";
				WRAPPER_EXTENSION = app;
			};
			name = Release;
		};
		0DAFD03519BEC75500A1E509 /* Debug */ = {
			isa = XCBuildConfiguration;
			buildSettings = {
				BUNDLE_LOADER = "$(BUILT_PRODUCTS_DIR)/LMSMOOC.app/LMSMOOC";
				FRAMEWORK_SEARCH_PATHS = (
					"$(SDKROOT)/Developer/Library/Frameworks",
					"$(inherited)",
					"$(DEVELOPER_FRAMEWORKS_DIR)",
				);
				GCC_PRECOMPILE_PREFIX_HEADER = YES;
				GCC_PREFIX_HEADER = "LMSMOOC/LMSMOOC-Prefix.pch";
				GCC_PREPROCESSOR_DEFINITIONS = (
					"DEBUG=1",
					"$(inherited)",
				);
				INFOPLIST_FILE = "LMSMOOCTests/LMSMOOCTests-Info.plist";
				PRODUCT_NAME = "$(TARGET_NAME)";
				TEST_HOST = "$(BUNDLE_LOADER)";
				WRAPPER_EXTENSION = xctest;
			};
			name = Debug;
		};
		0DAFD03619BEC75500A1E509 /* Release */ = {
			isa = XCBuildConfiguration;
			buildSettings = {
				BUNDLE_LOADER = "$(BUILT_PRODUCTS_DIR)/LMSMOOC.app/LMSMOOC";
				FRAMEWORK_SEARCH_PATHS = (
					"$(SDKROOT)/Developer/Library/Frameworks",
					"$(inherited)",
					"$(DEVELOPER_FRAMEWORKS_DIR)",
				);
				GCC_PRECOMPILE_PREFIX_HEADER = YES;
				GCC_PREFIX_HEADER = "LMSMOOC/LMSMOOC-Prefix.pch";
				INFOPLIST_FILE = "LMSMOOCTests/LMSMOOCTests-Info.plist";
				PRODUCT_NAME = "$(TARGET_NAME)";
				TEST_HOST = "$(BUNDLE_LOADER)";
				WRAPPER_EXTENSION = xctest;
			};
			name = Release;
		};
/* End XCBuildConfiguration section */

/* Begin XCConfigurationList section */
		0DAFCFF719BEC75500A1E509 /* Build configuration list for PBXProject "LMSMOOC" */ = {
			isa = XCConfigurationList;
			buildConfigurations = (
				0DAFD02F19BEC75500A1E509 /* Debug */,
				0DAFD03019BEC75500A1E509 /* Release */,
			);
			defaultConfigurationIsVisible = 0;
			defaultConfigurationName = Release;
		};
		0DAFD03119BEC75500A1E509 /* Build configuration list for PBXNativeTarget "LMSMOOC" */ = {
			isa = XCConfigurationList;
			buildConfigurations = (
				0DAFD03219BEC75500A1E509 /* Debug */,
				0DAFD03319BEC75500A1E509 /* Release */,
			);
			defaultConfigurationIsVisible = 0;
			defaultConfigurationName = Release;
		};
		0DAFD03419BEC75500A1E509 /* Build configuration list for PBXNativeTarget "LMSMOOCTests" */ = {
			isa = XCConfigurationList;
			buildConfigurations = (
				0DAFD03519BEC75500A1E509 /* Debug */,
				0DAFD03619BEC75500A1E509 /* Release */,
			);
			defaultConfigurationIsVisible = 0;
			defaultConfigurationName = Release;
		};
/* End XCConfigurationList section */
	};
	rootObject = 0DAFCFF419BEC75500A1E509 /* Project object */;
}
